<?xml version="1.0" encoding="utf-8"?>
<Project ToolsVersion="4.0" xmlns="http://schemas.microsoft.com/developer/msbuild/2003">
  <ItemGroup>
    <Filter Include="Shaders">
      <UniqueIdentifier>{ea06e8d5-5df4-facb-75e9-abeda87a5d2e}</UniqueIdentifier>
    </Filter>
    <Filter Include="Source">
      <UniqueIdentifier>{8eb77772-225b-322c-cc4f-4424a61801b9}</UniqueIdentifier>
    </Filter>
    <Filter Include="Source\Editor">
      <UniqueIdentifier>{5343bfca-300e-f36e-9de5-e72bf22ecc4f}</UniqueIdentifier>
    </Filter>
    <Filter Include="Source\Editor\Selection">
      <UniqueIdentifier>{5441c9c6-3d41-f8ea-1303-9d77d5d292cd}</UniqueIdentifier>
    </Filter>
    <Filter Include="Source\Editor\Settings">
      <UniqueIdentifier>{47def950-230b-d4bd-342b-557dbb5479b0}</UniqueIdentifier>
    </Filter>
    <Filter Include="Source\Editor\UI">
      <UniqueIdentifier>{0fe54ac4-8ff6-f99f-37b6-99e8c77b2842}</UniqueIdentifier>
    </Filter>
    <Filter Include="Source\Editor\Viewport">
      <UniqueIdentifier>{2c30a5ac-6903-01a8-6da9-108ce48783ee}</UniqueIdentifier>
    </Filter>
    <Filter Include="Source\Engine">
      <UniqueIdentifier>{847000b0-aee0-3f08-e95c-915bab64b372}</UniqueIdentifier>
    </Filter>
    <Filter Include="Source\Engine\Asset">
      <UniqueIdentifier>{57406bc9-3931-e993-2a70-4953d255d07a}</UniqueIdentifier>
    </Filter>
    <Filter Include="Source\Engine\Component">
      <UniqueIdentifier>{31df2b94-744f-0aa3-c02e-6e4a2ef56646}</UniqueIdentifier>
    </Filter>
    <Filter Include="Source\Engine\Core">
      <UniqueIdentifier>{a8b4d8d5-c3db-2dfa-f209-8aeaa0ff9e75}</UniqueIdentifier>
    </Filter>
    <Filter Include="Source\Engine\Core\Containers">
      <UniqueIdentifier>{6eff4822-a547-30da-781a-106cddc55463}</UniqueIdentifier>
    </Filter>
    <Filter Include="Source\Engine\Core\Logging">
      <UniqueIdentifier>{e885663d-2606-908d-6c6e-51d8aaff76cc}</UniqueIdentifier>
    </Filter>
    <Filter Include="Source\Engine\GameFramework">
      <UniqueIdentifier>{ae14bbdc-e7ae-b0c3-5afc-eba8387e5379}</UniqueIdentifier>
    </Filter>
    <Filter Include="Source\Engine\Math">
      <UniqueIdentifier>{33f0bf6f-9252-00ed-1f52-e23cb6104a65}</UniqueIdentifier>
    </Filter>
    <Filter Include="Source\Engine\Object">
      <UniqueIdentifier>{a91bfdd2-091a-3daf-c7ef-f5ea9d9878ec}</UniqueIdentifier>
    </Filter>
    <Filter Include="Source\Engine\Render">
      <UniqueIdentifier>{476003a9-576e-3e20-655e-7f617ca3edc6}</UniqueIdentifier>
    </Filter>
    <Filter Include="Source\Engine\Render\Common">
      <UniqueIdentifier>{7b706d86-bad9-f769-4dc8-c5946a78f59c}</UniqueIdentifier>
    </Filter>
    <Filter Include="Source\Engine\Render\Device">
      <UniqueIdentifier>{d750f722-4212-dffa-47d5-24bb1507d362}</UniqueIdentifier>
    </Filter>
    <Filter Include="Source\Engine\Render\Mesh">
      <UniqueIdentifier>{6b2480de-7c14-15b1-e090-99f5ef54959c}</UniqueIdentifier>
    </Filter>
    <Filter Include="Source\Engine\Render\Renderer">
      <UniqueIdentifier>{cee7a19e-127d-5eba-201c-a6ae374579f4}</UniqueIdentifier>
    </Filter>
    <Filter Include="Source\Engine\Render\Resource">
      <UniqueIdentifier>{687ab510-451b-d3f5-a8b0-97819206efb0}</UniqueIdentifier>
    </Filter>
    <Filter Include="Source\Engine\Render\Scene">
      <UniqueIdentifier>{80d259dc-1f11-f1b1-8120-de942e3ca32b}</UniqueIdentifier>
    </Filter>
    <Filter Include="Source\Engine\Runtime">
      <UniqueIdentifier>{2a7575e3-cae8-708f-fef2-12c02bf5b994}</UniqueIdentifier>
    </Filter>
    <Filter Include="Source\Engine\Serialization">
      <UniqueIdentifier>{6a768296-435c-d7db-15e7-f1c6dbf87cc5}</UniqueIdentifier>
    </Filter>
    <Filter Include="Source\Engine\Slate">
      <UniqueIdentifier>{31acd203-a2fa-0945-7deb-8338131d403a}</UniqueIdentifier>
    </Filter>
    <Filter Include="Source\Misc">
      <UniqueIdentifier>{ccf9aa9a-cf34-ca37-c88d-434c210d8c06}</UniqueIdentifier>
    </Filter>
    <Filter Include="Source\Misc\ObjViewer">
      <UniqueIdentifier>{861b2bc2-5528-644f-fdd7-5d85ae500847}</UniqueIdentifier>
    </Filter>
    <Filter Include="Source\Misc\ObjViewer\Settings">
      <UniqueIdentifier>{ef8ffe39-86c8-3671-f81c-97b6e5335c0c}</UniqueIdentifier>
    </Filter>
    <Filter Include="Source\Misc\ObjViewer\UI">
      <UniqueIdentifier>{82703837-1a41-4bd3-d8cd-e64337aa2b0f}</UniqueIdentifier>
    </Filter>
    <Filter Include="Source\Misc\ObjViewer\Viewport">
      <UniqueIdentifier>{b7912cdc-b727-fa50-3c72-28e3eceec661}</UniqueIdentifier>
    </Filter>
    <Filter Include="ThirdParty">
      <UniqueIdentifier>{99c11070-80cd-d889-3cb9-7873e2e2c31f}</UniqueIdentifier>
    </Filter>
    <Filter Include="ThirdParty\ImGui">
      <UniqueIdentifier>{08d95281-bb31-32cd-f58b-bb516f356fc1}</UniqueIdentifier>
    </Filter>
    <Filter Include="ThirdParty\SimpleJSON">
      <UniqueIdentifier>{473ce82c-d353-3555-1765-3303ff0d609c}</UniqueIdentifier>
    </Filter>
  </ItemGroup>
  <ItemGroup>
    <FxCompile Include="Shaders\Common.hlsl">
      <Filter>Shaders</Filter>
    </FxCompile>
    <FxCompile Include="Shaders\Editor.hlsl">
      <Filter>Shaders</Filter>
    </FxCompile>
    <FxCompile Include="Shaders\Gizmo.hlsl">
      <Filter>Shaders</Filter>
    </FxCompile>
    <FxCompile Include="Shaders\OutlinePostProcess.hlsl">
      <Filter>Shaders</Filter>
    </FxCompile>
    <FxCompile Include="Shaders\Primitive.hlsl">
      <Filter>Shaders</Filter>
    </FxCompile>
    <FxCompile Include="Shaders\SelectionMask.hlsl">
      <Filter>Shaders</Filter>
    </FxCompile>
    <FxCompile Include="Shaders\ShaderFont.hlsl">
      <Filter>Shaders</Filter>
    </FxCompile>
    <FxCompile Include="Shaders\ShaderLine.hlsl">
      <Filter>Shaders</Filter>
    </FxCompile>
    <FxCompile Include="Shaders\ShaderStaticMesh.hlsl">
      <Filter>Shaders</Filter>
    </FxCompile>
    <FxCompile Include="Shaders\ShaderSubUV.hlsl">
      <Filter>Shaders</Filter>
    </FxCompile>
  </ItemGroup>
  <ItemGroup>
    <ClCompile Include="Source\Editor\EditorEngine.cpp">
      <Filter>Source\Editor</Filter>
    </ClCompile>
    <ClCompile Include="Source\Editor\EditorRenderPipeline.cpp">
      <Filter>Source\Editor</Filter>
    </ClCompile>
    <ClCompile Include="Source\Editor\Selection\SelectionManager.cpp">
      <Filter>Source\Editor\Selection</Filter>
    </ClCompile>
    <ClCompile Include="Source\Editor\Settings\EditorSettings.cpp">
      <Filter>Source\Editor\Settings</Filter>
    </ClCompile>
    <ClCompile Include="Source\Editor\UI\EditorConsoleWidget.cpp">
      <Filter>Source\Editor\UI</Filter>
    </ClCompile>
    <ClCompile Include="Source\Editor\UI\EditorControlWidget.cpp">
      <Filter>Source\Editor\UI</Filter>
    </ClCompile>
    <ClCompile Include="Source\Editor\UI\EditorMainPanel.cpp">
      <Filter>Source\Editor\UI</Filter>
    </ClCompile>
    <ClCompile Include="Source\Editor\UI\EditorMaterialWidget.cpp">
      <Filter>Source\Editor\UI</Filter>
    </ClCompile>
    <ClCompile Include="Source\Editor\UI\EditorPropertyWidget.cpp">
      <Filter>Source\Editor\UI</Filter>
    </ClCompile>
    <ClCompile Include="Source\Editor\UI\EditorSceneWidget.cpp">
      <Filter>Source\Editor\UI</Filter>
    </ClCompile>
    <ClCompile Include="Source\Editor\UI\EditorStatWidget.cpp">
      <Filter>Source\Editor\UI</Filter>
    </ClCompile>
    <ClCompile Include="Source\Editor\UI\EditorToolbarWidget.cpp">
      <Filter>Source\Editor\UI</Filter>
    </ClCompile>
    <ClCompile Include="Source\Editor\UI\EditorViewportOverlayWidget.cpp">
      <Filter>Source\Editor\UI</Filter>
    </ClCompile>
    <ClCompile Include="Source\Editor\UI\EditorWidget.cpp">
      <Filter>Source\Editor\UI</Filter>
    </ClCompile>
    <ClCompile Include="Source\Editor\Viewport\EditorViewportClient.cpp">
      <Filter>Source\Editor\Viewport</Filter>
    </ClCompile>
    <ClCompile Include="Source\Editor\Viewport\FSceneViewport.cpp">
      <Filter>Source\Editor\Viewport</Filter>
    </ClCompile>
    <ClCompile Include="Source\Editor\Viewport\ViewportCamera.cpp">
      <Filter>Source\Editor\Viewport</Filter>
    </ClCompile>
    <ClCompile Include="Source\Editor\Viewport\ViewportLayout.cpp">
      <Filter>Source\Editor\Viewport</Filter>
    </ClCompile>
    <ClCompile Include="Source\Editor\Viewport\ViewportNavigationController.cpp">
      <Filter>Source\Editor\Viewport</Filter>
    </ClCompile>
    <ClCompile Include="Source\Engine\Asset\BinarySerializer.cpp">
      <Filter>Source\Engine\Asset</Filter>
    </ClCompile>
    <ClCompile Include="Source\Engine\Asset\FileUtils.cpp">
      <Filter>Source\Engine\Asset</Filter>
    </ClCompile>
    <ClCompile Include="Source\Engine\Asset\FontAtlasLoader.cpp">
      <Filter>Source\Engine\Asset</Filter>
    </ClCompile>
    <ClCompile Include="Source\Engine\Asset\ObjLoader.cpp">
      <Filter>Source\Engine\Asset</Filter>
    </ClCompile>
    <ClCompile Include="Source\Engine\Asset\ParticleAtlasLoader.cpp">
      <Filter>Source\Engine\Asset</Filter>
    </ClCompile>
    <ClCompile Include="Source\Engine\Asset\StaticMesh.cpp">
      <Filter>Source\Engine\Asset</Filter>
    </ClCompile>
    <ClCompile Include="Source\Engine\Component\ActorComponent.cpp">
      <Filter>Source\Engine\Component</Filter>
    </ClCompile>
    <ClCompile Include="Source\Engine\Component\BillboardComponent.cpp">
      <Filter>Source\Engine\Component</Filter>
    </ClCompile>
    <ClCompile Include="Source\Engine\Component\CameraComponent.cpp">
      <Filter>Source\Engine\Component</Filter>
    </ClCompile>
    <ClCompile Include="Source\Engine\Component\GizmoComponent.cpp">
      <Filter>Source\Engine\Component</Filter>
    </ClCompile>
    <ClCompile Include="Source\Engine\Component\MeshComponent.cpp">
      <Filter>Source\Engine\Component</Filter>
    </ClCompile>
    <ClCompile Include="Source\Engine\Component\PrimitiveComponent.cpp">
      <Filter>Source\Engine\Component</Filter>
    </ClCompile>
    <ClCompile Include="Source\Engine\Component\SceneComponent.cpp">
      <Filter>Source\Engine\Component</Filter>
    </ClCompile>
    <ClCompile Include="Source\Engine\Component\StaticMeshComponent.cpp">
      <Filter>Source\Engine\Component</Filter>
    </ClCompile>
    <ClCompile Include="Source\Engine\Component\SubUVComponent.cpp">
      <Filter>Source\Engine\Component</Filter>
    </ClCompile>
    <ClCompile Include="Source\Engine\Component\TextRenderComponent.cpp">
      <Filter>Source\Engine\Component</Filter>
    </ClCompile>
    <ClCompile Include="Source\Engine\Core\CrashDump.cpp">
      <Filter>Source\Engine\Core</Filter>
    </ClCompile>
    <ClCompile Include="Source\Engine\Core\EngineTypes.cpp">
      <Filter>Source\Engine\Core</Filter>
    </ClCompile>
    <ClCompile Include="Source\Engine\Core\InputSystem.cpp">
      <Filter>Source\Engine\Core</Filter>
    </ClCompile>
    <ClCompile Include="Source\Engine\Core\Paths.cpp">
      <Filter>Source\Engine\Core</Filter>
    </ClCompile>
    <ClCompile Include="Source\Engine\Core\PlatformTime.cpp">
      <Filter>Source\Engine\Core</Filter>
    </ClCompile>
    <ClCompile Include="Source\Engine\Core\ResourceManager.cpp">
      <Filter>Source\Engine\Core</Filter>
    </ClCompile>
    <ClCompile Include="Source\Engine\Core\Logging\GPUProfiler.cpp">
      <Filter>Source\Engine\Core\Logging</Filter>
    </ClCompile>
    <ClCompile Include="Source\Engine\Core\Logging\Stats.cpp">
      <Filter>Source\Engine\Core\Logging</Filter>
    </ClCompile>
    <ClCompile Include="Source\Engine\Core\Logging\Timer.cpp">
      <Filter>Source\Engine\Core\Logging</Filter>
    </ClCompile>
    <ClCompile Include="Source\Engine\GameFramework\AActor.cpp">
      <Filter>Source\Engine\GameFramework</Filter>
    </ClCompile>
    <ClCompile Include="Source\Engine\GameFramework\PrimitiveActors.cpp">
      <Filter>Source\Engine\GameFramework</Filter>
    </ClCompile>
    <ClCompile Include="Source\Engine\GameFramework\World.cpp">
      <Filter>Source\Engine\GameFramework</Filter>
    </ClCompile>
    <ClCompile Include="Source\Engine\Math\AABB.cpp">
      <Filter>Source\Engine\Math</Filter>
    </ClCompile>
    <ClCompile Include="Source\Engine\Math\Color.cpp">
      <Filter>Source\Engine\Math</Filter>
    </ClCompile>
    <ClCompile Include="Source\Engine\Math\Matrix.cpp">
      <Filter>Source\Engine\Math</Filter>
    </ClCompile>
    <ClCompile Include="Source\Engine\Math\Quat.cpp">
      <Filter>Source\Engine\Math</Filter>
    </ClCompile>
    <ClCompile Include="Source\Engine\Math\Rotator.cpp">
      <Filter>Source\Engine\Math</Filter>
    </ClCompile>
    <ClCompile Include="Source\Engine\Math\Transform.cpp">
      <Filter>Source\Engine\Math</Filter>
    </ClCompile>
    <ClCompile Include="Source\Engine\Math\Vector.cpp">
      <Filter>Source\Engine\Math</Filter>
    </ClCompile>
    <ClCompile Include="Source\Engine\Math\Vector2.cpp">
      <Filter>Source\Engine\Math</Filter>
    </ClCompile>
    <ClCompile Include="Source\Engine\Math\Vector4.cpp">
      <Filter>Source\Engine\Math</Filter>
    </ClCompile>
    <ClCompile Include="Source\Engine\Object\EngineStatics.cpp">
      <Filter>Source\Engine\Object</Filter>
    </ClCompile>
    <ClCompile Include="Source\Engine\Object\FName.cpp">
      <Filter>Source\Engine\Object</Filter>
    </ClCompile>
    <ClCompile Include="Source\Engine\Object\Object.cpp">
      <Filter>Source\Engine\Object</Filter>
    </ClCompile>
    <ClCompile Include="Source\Engine\Render\FontBatcher.cpp">
      <Filter>Source\Engine\Render</Filter>
    </ClCompile>
    <ClCompile Include="Source\Engine\Render\LineBatcher.cpp">
      <Filter>Source\Engine\Render</Filter>
    </ClCompile>
    <ClCompile Include="Source\Engine\Render\SubUVBatcher.cpp">
      <Filter>Source\Engine\Render</Filter>
    </ClCompile>
    <ClCompile Include="Source\Engine\Render\Device\D3DDevice.cpp">
      <Filter>Source\Engine\Render\Device</Filter>
    </ClCompile>
    <ClCompile Include="Source\Engine\Render\Mesh\MeshManager.cpp">
      <Filter>Source\Engine\Render\Mesh</Filter>
    </ClCompile>
    <ClCompile Include="Source\Engine\Render\Renderer\DefaultRenderPipeline.cpp">
      <Filter>Source\Engine\Render\Renderer</Filter>
    </ClCompile>
    <ClCompile Include="Source\Engine\Render\Renderer\Renderer.cpp">
      <Filter>Source\Engine\Render\Renderer</Filter>
    </ClCompile>
    <ClCompile Include="Source\Engine\Render\Resource\Buffer.cpp">
      <Filter>Source\Engine\Render\Resource</Filter>
    </ClCompile>
    <ClCompile Include="Source\Engine\Render\Resource\Material.cpp">
      <Filter>Source\Engine\Render\Resource</Filter>
    </ClCompile>
    <ClCompile Include="Source\Engine\Render\Resource\MeshBufferManager.cpp">
      <Filter>Source\Engine\Render\Resource</Filter>
    </ClCompile>
    <ClCompile Include="Source\Engine\Render\Resource\Shader.cpp">
      <Filter>Source\Engine\Render\Resource</Filter>
    </ClCompile>
    <ClCompile Include="Source\Engine\Render\Scene\RenderBus.cpp">
      <Filter>Source\Engine\Render\Scene</Filter>
    </ClCompile>
    <ClCompile Include="Source\Engine\Render\Scene\RenderCollector.cpp">
      <Filter>Source\Engine\Render\Scene</Filter>
    </ClCompile>
    <ClCompile Include="Source\Engine\Runtime\Engine.cpp">
      <Filter>Source\Engine\Runtime</Filter>
    </ClCompile>
    <ClCompile Include="Source\Engine\Runtime\EngineLoop.cpp">
      <Filter>Source\Engine\Runtime</Filter>
    </ClCompile>
    <ClCompile Include="Source\Engine\Runtime\Launch.cpp">
      <Filter>Source\Engine\Runtime</Filter>
    </ClCompile>
    <ClCompile Include="Source\Engine\Runtime\WindowsApplication.cpp">
      <Filter>Source\Engine\Runtime</Filter>
    </ClCompile>
    <ClCompile Include="Source\Engine\Runtime\WindowsWindow.cpp">
      <Filter>Source\Engine\Runtime</Filter>
    </ClCompile>
    <ClCompile Include="Source\Engine\Serialization\SceneSaveManager.cpp">
      <Filter>Source\Engine\Serialization</Filter>
    </ClCompile>
    <ClCompile Include="Source\Engine\Slate\SSplitter.cpp">
      <Filter>Source\Engine\Slate</Filter>
    </ClCompile>
    <ClCompile Include="Source\Engine\Slate\SSplitterCross.cpp">
      <Filter>Source\Engine\Slate</Filter>
    </ClCompile>
    <ClCompile Include="Source\Engine\Slate\SSplitterH.cpp">
      <Filter>Source\Engine\Slate</Filter>
    </ClCompile>
    <ClCompile Include="Source\Engine\Slate\SSplitterV.cpp">
      <Filter>Source\Engine\Slate</Filter>
    </ClCompile>
    <ClCompile Include="Source\Engine\Slate\SViewport.cpp">
      <Filter>Source\Engine\Slate</Filter>
    </ClCompile>
    <ClCompile Include="Source\Engine\Slate\SWidget.cpp">
      <Filter>Source\Engine\Slate</Filter>
    </ClCompile>
    <ClCompile Include="Source\Engine\Slate\SWindow.cpp">
      <Filter>Source\Engine\Slate</Filter>
    </ClCompile>
    <ClCompile Include="Source\Engine\Slate\SlateApplication.cpp">
      <Filter>Source\Engine\Slate</Filter>
    </ClCompile>
    <ClCompile Include="Source\Misc\ObjViewer\ObjViewerEngine.cpp">
      <Filter>Source\Misc\ObjViewer</Filter>
    </ClCompile>
    <ClCompile Include="Source\Misc\ObjViewer\ObjViewerRenderPipeline.cpp">
      <Filter>Source\Misc\ObjViewer</Filter>
    </ClCompile>
    <ClCompile Include="Source\Misc\ObjViewer\Settings\ObjViewerSettings.cpp">
      <Filter>Source\Misc\ObjViewer\Settings</Filter>
    </ClCompile>
    <ClCompile Include="Source\Misc\ObjViewer\UI\ObjViewerControlWidget.cpp">
      <Filter>Source\Misc\ObjViewer\UI</Filter>
    </ClCompile>
    <ClCompile Include="Source\Misc\ObjViewer\UI\ObjViewerMainPanel.cpp">
      <Filter>Source\Misc\ObjViewer\UI</Filter>
    </ClCompile>
    <ClCompile Include="Source\Misc\ObjViewer\UI\ObjViewerMenuBarWIdget.cpp">
      <Filter>Source\Misc\ObjViewer\UI</Filter>
    </ClCompile>
    <ClCompile Include="Source\Misc\ObjViewer\UI\ObjViewerStatWidget.cpp">
      <Filter>Source\Misc\ObjViewer\UI</Filter>
    </ClCompile>
    <ClCompile Include="Source\Misc\ObjViewer\Viewport\ObjViewerViewportClient.cpp">
      <Filter>Source\Misc\ObjViewer\Viewport</Filter>
    </ClCompile>
    <ClCompile Include="ThirdParty\ImGui\imgui.cpp">
      <Filter>ThirdParty\ImGui</Filter>
    </ClCompile>
    <ClCompile Include="ThirdParty\ImGui\imgui_demo.cpp">
      <Filter>ThirdParty\ImGui</Filter>
    </ClCompile>
    <ClCompile Include="ThirdParty\ImGui\imgui_draw.cpp">
      <Filter>ThirdParty\ImGui</Filter>
    </ClCompile>
    <ClCompile Include="ThirdParty\ImGui\imgui_impl_dx11.cpp">
      <Filter>ThirdParty\ImGui</Filter>
    </ClCompile>
    <ClCompile Include="ThirdParty\ImGui\imgui_impl_win32.cpp">
      <Filter>ThirdParty\ImGui</Filter>
    </ClCompile>
    <ClCompile Include="ThirdParty\ImGui\imgui_tables.cpp">
      <Filter>ThirdParty\ImGui</Filter>
    </ClCompile>
    <ClCompile Include="ThirdParty\ImGui\imgui_widgets.cpp">
      <Filter>ThirdParty\ImGui</Filter>
    </ClCompile>
    <ClCompile Include="main.cpp" />
  </ItemGroup>
  <ItemGroup>
    <ClInclude Include="Source\Editor\EditorEngine.h">
      <Filter>Source\Editor</Filter>
    </ClInclude>
    <ClInclude Include="Source\Editor\EditorRenderPipeline.h">
      <Filter>Source\Editor</Filter>
    </ClInclude>
    <ClInclude Include="Source\Editor\EditorUtils.h">
      <Filter>Source\Editor</Filter>
    </ClInclude>
    <ClInclude Include="Source\Editor\Selection\SelectionManager.h">
      <Filter>Source\Editor\Selection</Filter>
    </ClInclude>
    <ClInclude Include="Source\Editor\Settings\EditorSettings.h">
      <Filter>Source\Editor\Settings</Filter>
    </ClInclude>
    <ClInclude Include="Source\Editor\UI\EditorConsoleWidget.h">
      <Filter>Source\Editor\UI</Filter>
    </ClInclude>
    <ClInclude Include="Source\Editor\UI\EditorControlWidget.h">
      <Filter>Source\Editor\UI</Filter>
    </ClInclude>
    <ClInclude Include="Source\Editor\UI\EditorMainPanel.h">
      <Filter>Source\Editor\UI</Filter>
    </ClInclude>
    <ClInclude Include="Source\Editor\UI\EditorMaterialWidget.h">
      <Filter>Source\Editor\UI</Filter>
    </ClInclude>
    <ClInclude Include="Source\Editor\UI\EditorPropertyWidget.h">
      <Filter>Source\Editor\UI</Filter>
    </ClInclude>
    <ClInclude Include="Source\Editor\UI\EditorSceneWidget.h">
      <Filter>Source\Editor\UI</Filter>
    </ClInclude>
    <ClInclude Include="Source\Editor\UI\EditorStatWidget.h">
      <Filter>Source\Editor\UI</Filter>
    </ClInclude>
    <ClInclude Include="Source\Editor\UI\EditorToolbarWidget.h">
      <Filter>Source\Editor\UI</Filter>
    </ClInclude>
    <ClInclude Include="Source\Editor\UI\EditorViewportOverlayWidget.h">
      <Filter>Source\Editor\UI</Filter>
    </ClInclude>
    <ClInclude Include="Source\Editor\UI\EditorWidget.h">
      <Filter>Source\Editor\UI</Filter>
    </ClInclude>
    <ClInclude Include="Source\Editor\Viewport\CursorOverlayState.h">
      <Filter>Source\Editor\Viewport</Filter>
    </ClInclude>
    <ClInclude Include="Source\Editor\Viewport\EditorViewportClient.h">
      <Filter>Source\Editor\Viewport</Filter>
    </ClInclude>
    <ClInclude Include="Source\Editor\Viewport\FSceneViewport.h">
      <Filter>Source\Editor\Viewport</Filter>
    </ClInclude>
    <ClInclude Include="Source\Editor\Viewport\SEditorViewport.h">
      <Filter>Source\Editor\Viewport</Filter>
    </ClInclude>
    <ClInclude Include="Source\Editor\Viewport\ViewportCamera.h">
      <Filter>Source\Editor\Viewport</Filter>
    </ClInclude>
    <ClInclude Include="Source\Editor\Viewport\ViewportLayout.h">
      <Filter>Source\Editor\Viewport</Filter>
    </ClInclude>
    <ClInclude Include="Source\Editor\Viewport\ViewportNavigationController.h">
      <Filter>Source\Editor\Viewport</Filter>
    </ClInclude>
    <ClInclude Include="Source\Engine\Asset\BinarySerializer.h">
      <Filter>Source\Engine\Asset</Filter>
    </ClInclude>
    <ClInclude Include="Source\Engine\Asset\FileUtils.h">
      <Filter>Source\Engine\Asset</Filter>
    </ClInclude>
    <ClInclude Include="Source\Engine\Asset\FontAtlasLoader.h">
      <Filter>Source\Engine\Asset</Filter>
    </ClInclude>
    <ClInclude Include="Source\Engine\Asset\IAssetLoader.h">
      <Filter>Source\Engine\Asset</Filter>
    </ClInclude>
    <ClInclude Include="Source\Engine\Asset\ObjLoader.h">
      <Filter>Source\Engine\Asset</Filter>
    </ClInclude>
    <ClInclude Include="Source\Engine\Asset\ObjRawTypes.h">
      <Filter>Source\Engine\Asset</Filter>
    </ClInclude>
    <ClInclude Include="Source\Engine\Asset\ParticleAtlasLoader.h">
      <Filter>Source\Engine\Asset</Filter>
    </ClInclude>
    <ClInclude Include="Source\Engine\Asset\StaticMesh.h">
      <Filter>Source\Engine\Asset</Filter>
    </ClInclude>
    <ClInclude Include="Source\Engine\Asset\StaticMeshTypes.h">
      <Filter>Source\Engine\Asset</Filter>
    </ClInclude>
    <ClInclude Include="Source\Engine\Component\ActorComponent.h">
      <Filter>Source\Engine\Component</Filter>
    </ClInclude>
    <ClInclude Include="Source\Engine\Component\BillboardComponent.h">
      <Filter>Source\Engine\Component</Filter>
    </ClInclude>
    <ClInclude Include="Source\Engine\Component\CameraComponent.h">
      <Filter>Source\Engine\Component</Filter>
    </ClInclude>
    <ClInclude Include="Source\Engine\Component\GizmoComponent.h">
      <Filter>Source\Engine\Component</Filter>
    </ClInclude>
    <ClInclude Include="Source\Engine\Component\MeshComponent.h">
      <Filter>Source\Engine\Component</Filter>
    </ClInclude>
    <ClInclude Include="Source\Engine\Component\PrimitiveComponent.h">
      <Filter>Source\Engine\Component</Filter>
    </ClInclude>
    <ClInclude Include="Source\Engine\Component\SceneComponent.h">
      <Filter>Source\Engine\Component</Filter>
    </ClInclude>
    <ClInclude Include="Source\Engine\Component\StaticMeshComponent.h">
      <Filter>Source\Engine\Component</Filter>
    </ClInclude>
    <ClInclude Include="Source\Engine\Component\SubUVComponent.h">
      <Filter>Source\Engine\Component</Filter>
    </ClInclude>
    <ClInclude Include="Source\Engine\Component\TextRenderComponent.h">
      <Filter>Source\Engine\Component</Filter>
    </ClInclude>
    <ClInclude Include="Source\Engine\Core\CollisionTypes.h">
      <Filter>Source\Engine\Core</Filter>
    </ClInclude>
    <ClInclude Include="Source\Engine\Core\Common.h">
      <Filter>Source\Engine\Core</Filter>
    </ClInclude>
    <ClInclude Include="Source\Engine\Core\ConsoleHelper.h">
      <Filter>Source\Engine\Core</Filter>
    </ClInclude>
    <ClInclude Include="Source\Engine\Core\CoreMinimal.h">
      <Filter>Source\Engine\Core</Filter>
    </ClInclude>
    <ClInclude Include="Source\Engine\Core\CoreTypes.h">
      <Filter>Source\Engine\Core</Filter>
    </ClInclude>
    <ClInclude Include="Source\Engine\Core\CrashDump.h">
      <Filter>Source\Engine\Core</Filter>
    </ClInclude>
    <ClInclude Include="Source\Engine\Core\Debug.h">
      <Filter>Source\Engine\Core</Filter>
    </ClInclude>
    <ClInclude Include="Source\Engine\Core\EngineTypes.h">
      <Filter>Source\Engine\Core</Filter>
    </ClInclude>
    <ClInclude Include="Source\Engine\Core\InputSystem.h">
      <Filter>Source\Engine\Core</Filter>
    </ClInclude>
    <ClInclude Include="Source\Engine\Core\Paths.h">
      <Filter>Source\Engine\Core</Filter>
    </ClInclude>
    <ClInclude Include="Source\Engine\Core\PlatformTime.h">
      <Filter>Source\Engine\Core</Filter>
    </ClInclude>
    <ClInclude Include="Source\Engine\Core\PropertyTypes.h">
      <Filter>Source\Engine\Core</Filter>
    </ClInclude>
    <ClInclude Include="Source\Engine\Core\RayTypes.h">
      <Filter>Source\Engine\Core</Filter>
    </ClInclude>
    <ClInclude Include="Source\Engine\Core\ResourceManager.h">
      <Filter>Source\Engine\Core</Filter>
    </ClInclude>
    <ClInclude Include="Source\Engine\Core\ResourceTypes.h">
      <Filter>Source\Engine\Core</Filter>
    </ClInclude>
    <ClInclude Include="Source\Engine\Core\Singleton.h">
      <Filter>Source\Engine\Core</Filter>
    </ClInclude>
    <ClInclude Include="Source\Engine\Core\StringUtils.h">
      <Filter>Source\Engine\Core</Filter>
    </ClInclude>
    <ClInclude Include="Source\Engine\Core\Containers\Array.h">
      <Filter>Source\Engine\Core\Containers</Filter>
    </ClInclude>
    <ClInclude Include="Source\Engine\Core\Containers\LinkedList.h">
      <Filter>Source\Engine\Core\Containers</Filter>
    </ClInclude>
    <ClInclude Include="Source\Engine\Core\Containers\Map.h">
      <Filter>Source\Engine\Core\Containers</Filter>
    </ClInclude>
    <ClInclude Include="Source\Engine\Core\Containers\Pair.h">
      <Filter>Source\Engine\Core\Containers</Filter>
    </ClInclude>
    <ClInclude Include="Source\Engine\Core\Containers\Queue.h">
      <Filter>Source\Engine\Core\Containers</Filter>
    </ClInclude>
    <ClInclude Include="Source\Engine\Core\Containers\Set.h">
      <Filter>Source\Engine\Core\Containers</Filter>
    </ClInclude>
    <ClInclude Include="Source\Engine\Core\Containers\StaticArray.h">
      <Filter>Source\Engine\Core\Containers</Filter>
    </ClInclude>
    <ClInclude Include="Source\Engine\Core\Containers\String.h">
      <Filter>Source\Engine\Core\Containers</Filter>
    </ClInclude>
    <ClInclude Include="Source\Engine\Core\Logging\GPUProfiler.h">
      <Filter>Source\Engine\Core\Logging</Filter>
    </ClInclude>
    <ClInclude Include="Source\Engine\Core\Logging\Stats.h">
      <Filter>Source\Engine\Core\Logging</Filter>
    </ClInclude>
    <ClInclude Include="Source\Engine\Core\Logging\Timer.h">
      <Filter>Source\Engine\Core\Logging</Filter>
    </ClInclude>
    <ClInclude Include="Source\Engine\GameFramework\AActor.h">
      <Filter>Source\Engine\GameFramework</Filter>
    </ClInclude>
    <ClInclude Include="Source\Engine\GameFramework\PrimitiveActors.h">
      <Filter>Source\Engine\GameFramework</Filter>
    </ClInclude>
    <ClInclude Include="Source\Engine\GameFramework\World.h">
      <Filter>Source\Engine\GameFramework</Filter>
    </ClInclude>
    <ClInclude Include="Source\Engine\GameFramework\WorldContext.h">
      <Filter>Source\Engine\GameFramework</Filter>
    </ClInclude>
    <ClInclude Include="Source\Engine\Math\AABB.h">
      <Filter>Source\Engine\Math</Filter>
    </ClInclude>
    <ClInclude Include="Source\Engine\Math\Color.h">
      <Filter>Source\Engine\Math</Filter>
    </ClInclude>
    <ClInclude Include="Source\Engine\Math\Matrix.h">
      <Filter>Source\Engine\Math</Filter>
    </ClInclude>
    <ClInclude Include="Source\Engine\Math\Quat.h">
      <Filter>Source\Engine\Math</Filter>
    </ClInclude>
    <ClInclude Include="Source\Engine\Math\Rotator.h">
      <Filter>Source\Engine\Math</Filter>
    </ClInclude>
    <ClInclude Include="Source\Engine\Math\Transform.h">
      <Filter>Source\Engine\Math</Filter>
    </ClInclude>
    <ClInclude Include="Source\Engine\Math\Utils.h">
      <Filter>Source\Engine\Math</Filter>
    </ClInclude>
    <ClInclude Include="Source\Engine\Math\Vector.h">
      <Filter>Source\Engine\Math</Filter>
    </ClInclude>
    <ClInclude Include="Source\Engine\Math\Vector2.h">
      <Filter>Source\Engine\Math</Filter>
    </ClInclude>
    <ClInclude Include="Source\Engine\Math\Vector4.h">
      <Filter>Source\Engine\Math</Filter>
    </ClInclude>
    <ClInclude Include="Source\Engine\Object\EngineStatics.h">
      <Filter>Source\Engine\Object</Filter>
    </ClInclude>
    <ClInclude Include="Source\Engine\Object\FName.h">
      <Filter>Source\Engine\Object</Filter>
    </ClInclude>
    <ClInclude Include="Source\Engine\Object\Object.h">
      <Filter>Source\Engine\Object</Filter>
    </ClInclude>
    <ClInclude Include="Source\Engine\Object\ObjectFactory.h">
      <Filter>Source\Engine\Object</Filter>
    </ClInclude>
    <ClInclude Include="Source\Engine\Object\ObjectIterator.h">
      <Filter>Source\Engine\Object</Filter>
    </ClInclude>
    <ClInclude Include="Source\Engine\Render\FontBatcher.h">
      <Filter>Source\Engine\Render</Filter>
    </ClInclude>
    <ClInclude Include="Source\Engine\Render\LineBatcher.h">
      <Filter>Source\Engine\Render</Filter>
    </ClInclude>
    <ClInclude Include="Source\Engine\Render\SubUVBatcher.h">
      <Filter>Source\Engine\Render</Filter>
    </ClInclude>
    <ClInclude Include="Source\Engine\Render\Common\RenderTypes.h">
      <Filter>Source\Engine\Render\Common</Filter>
    </ClInclude>
    <ClInclude Include="Source\Engine\Render\Common\ViewTypes.h">
      <Filter>Source\Engine\Render\Common</Filter>
    </ClInclude>
    <ClInclude Include="Source\Engine\Render\Device\D3DDevice.h">
      <Filter>Source\Engine\Render\Device</Filter>
    </ClInclude>
    <ClInclude Include="Source\Engine\Render\Mesh\MeshManager.h">
      <Filter>Source\Engine\Render\Mesh</Filter>
    </ClInclude>
    <ClInclude Include="Source\Engine\Render\Renderer\DefaultRenderPipeline.h">
      <Filter>Source\Engine\Render\Renderer</Filter>
    </ClInclude>
    <ClInclude Include="Source\Engine\Render\Renderer\IRenderPipeline.h">
      <Filter>Source\Engine\Render\Renderer</Filter>
    </ClInclude>
    <ClInclude Include="Source\Engine\Render\Renderer\Renderer.h">
      <Filter>Source\Engine\Render\Renderer</Filter>
    </ClInclude>
    <ClInclude Include="Source\Engine\Render\Resource\Buffer.h">
      <Filter>Source\Engine\Render\Resource</Filter>
    </ClInclude>
    <ClInclude Include="Source\Engine\Render\Resource\Material.h">
      <Filter>Source\Engine\Render\Resource</Filter>
    </ClInclude>
    <ClInclude Include="Source\Engine\Render\Resource\MeshBufferManager.h">
      <Filter>Source\Engine\Render\Resource</Filter>
    </ClInclude>
    <ClInclude Include="Source\Engine\Render\Resource\RenderResources.h">
      <Filter>Source\Engine\Render\Resource</Filter>
    </ClInclude>
    <ClInclude Include="Source\Engine\Render\Resource\Shader.h">
      <Filter>Source\Engine\Render\Resource</Filter>
    </ClInclude>
    <ClInclude Include="Source\Engine\Render\Resource\VertexTypes.h">
      <Filter>Source\Engine\Render\Resource</Filter>
    </ClInclude>
    <ClInclude Include="Source\Engine\Render\Scene\RenderBus.h">
      <Filter>Source\Engine\Render\Scene</Filter>
    </ClInclude>
    <ClInclude Include="Source\Engine\Render\Scene\RenderCollector.h">
      <Filter>Source\Engine\Render\Scene</Filter>
    </ClInclude>
    <ClInclude Include="Source\Engine\Render\Scene\RenderCommand.h">
      <Filter>Source\Engine\Render\Scene</Filter>
    </ClInclude>
    <ClInclude Include="Source\Engine\Runtime\Engine.h">
      <Filter>Source\Engine\Runtime</Filter>
    </ClInclude>
    <ClInclude Include="Source\Engine\Runtime\EngineLoop.h">
      <Filter>Source\Engine\Runtime</Filter>
    </ClInclude>
    <ClInclude Include="Source\Engine\Runtime\Launch.h">
      <Filter>Source\Engine\Runtime</Filter>
    </ClInclude>
    <ClInclude Include="Source\Engine\Runtime\SceneView.h">
      <Filter>Source\Engine\Runtime</Filter>
    </ClInclude>
    <ClInclude Include="Source\Engine\Runtime\Viewport.h">
      <Filter>Source\Engine\Runtime</Filter>
    </ClInclude>
    <ClInclude Include="Source\Engine\Runtime\ViewportClient.h">
      <Filter>Source\Engine\Runtime</Filter>
    </ClInclude>
    <ClInclude Include="Source\Engine\Runtime\ViewportRect.h">
      <Filter>Source\Engine\Runtime</Filter>
    </ClInclude>
    <ClInclude Include="Source\Engine\Runtime\WindowMessageHandler.h">
      <Filter>Source\Engine\Runtime</Filter>
    </ClInclude>
    <ClInclude Include="Source\Engine\Runtime\WindowsApplication.h">
      <Filter>Source\Engine\Runtime</Filter>
    </ClInclude>
    <ClInclude Include="Source\Engine\Runtime\WindowsWindow.h">
      <Filter>Source\Engine\Runtime</Filter>
    </ClInclude>
    <ClInclude Include="Source\Engine\Serialization\SceneSaveManager.h">
      <Filter>Source\Engine\Serialization</Filter>
    </ClInclude>
    <ClInclude Include="Source\Engine\Slate\ISlateViewport.h">
      <Filter>Source\Engine\Slate</Filter>
    </ClInclude>
    <ClInclude Include="Source\Engine\Slate\SSplitter.h">
      <Filter>Source\Engine\Slate</Filter>
    </ClInclude>
    <ClInclude Include="Source\Engine\Slate\SSplitterCross.h">
      <Filter>Source\Engine\Slate</Filter>
    </ClInclude>
    <ClInclude Include="Source\Engine\Slate\SSplitterH.h">
      <Filter>Source\Engine\Slate</Filter>
    </ClInclude>
    <ClInclude Include="Source\Engine\Slate\SSplitterV.h">
      <Filter>Source\Engine\Slate</Filter>
    </ClInclude>
    <ClInclude Include="Source\Engine\Slate\SViewport.h">
      <Filter>Source\Engine\Slate</Filter>
    </ClInclude>
    <ClInclude Include="Source\Engine\Slate\SWidget.h">
      <Filter>Source\Engine\Slate</Filter>
    </ClInclude>
    <ClInclude Include="Source\Engine\Slate\SWindow.h">
      <Filter>Source\Engine\Slate</Filter>
    </ClInclude>
    <ClInclude Include="Source\Engine\Slate\SlateApplication.h">
      <Filter>Source\Engine\Slate</Filter>
    </ClInclude>
    <ClInclude Include="Source\Engine\Slate\SlateUtils.h">
      <Filter>Source\Engine\Slate</Filter>
    </ClInclude>
    <ClInclude Include="Source\Misc\ObjViewer\ObjViewerEngine.h">
      <Filter>Source\Misc\ObjViewer</Filter>
    </ClInclude>
    <ClInclude Include="Source\Misc\ObjViewer\ObjViewerRenderPipeline.h">
      <Filter>Source\Misc\ObjViewer</Filter>
    </ClInclude>
    <ClInclude Include="Source\Misc\ObjViewer\Settings\ObjViewerSettings.h">
      <Filter>Source\Misc\ObjViewer\Settings</Filter>
    </ClInclude>
    <ClInclude Include="Source\Misc\ObjViewer\UI\ObjViewerControlWidget.h">
      <Filter>Source\Misc\ObjViewer\UI</Filter>
    </ClInclude>
    <ClInclude Include="Source\Misc\ObjViewer\UI\ObjViewerMainPanel.h">
      <Filter>Source\Misc\ObjViewer\UI</Filter>
    </ClInclude>
    <ClInclude Include="Source\Misc\ObjViewer\UI\ObjViewerMenuBarWIdget.h">
      <Filter>Source\Misc\ObjViewer\UI</Filter>
    </ClInclude>
    <ClInclude Include="Source\Misc\ObjViewer\UI\ObjViewerStatWidget.h">
      <Filter>Source\Misc\ObjViewer\UI</Filter>
    </ClInclude>
    <ClInclude Include="Source\Misc\ObjViewer\UI\ObjViewerWidget.h">
      <Filter>Source\Misc\ObjViewer\UI</Filter>
    </ClInclude>
    <ClInclude Include="Source\Misc\ObjViewer\Viewport\ObjViewerViewportClient.h">
      <Filter>Source\Misc\ObjViewer\Viewport</Filter>
    </ClInclude>
    <ClInclude Include="ThirdParty\ImGui\imconfig.h">
      <Filter>ThirdParty\ImGui</Filter>
    </ClInclude>
    <ClInclude Include="ThirdParty\ImGui\imgui.h">
      <Filter>ThirdParty\ImGui</Filter>
    </ClInclude>
    <ClInclude Include="ThirdParty\ImGui\imgui_impl_dx11.h">
      <Filter>ThirdParty\ImGui</Filter>
    </ClInclude>
    <ClInclude Include="ThirdParty\ImGui\imgui_impl_win32.h">
      <Filter>ThirdParty\ImGui</Filter>
    </ClInclude>
    <ClInclude Include="ThirdParty\ImGui\imgui_internal.h">
      <Filter>ThirdParty\ImGui</Filter>
    </ClInclude>
    <ClInclude Include="ThirdParty\ImGui\imstb_rectpack.h">
      <Filter>ThirdParty\ImGui</Filter>
    </ClInclude>
    <ClInclude Include="ThirdParty\ImGui\imstb_textedit.h">
      <Filter>ThirdParty\ImGui</Filter>
    </ClInclude>
    <ClInclude Include="ThirdParty\ImGui\imstb_truetype.h">
      <Filter>ThirdParty\ImGui</Filter>
    </ClInclude>
    <ClInclude Include="ThirdParty\SimpleJSON\json.hpp">
      <Filter>ThirdParty\SimpleJSON</Filter>
    </ClInclude>
  </ItemGroup>
</Project>
