
Microsoft Visual Studio Solution File, Format Version 12.00
# Visual Studio Version 17
Project("{8BC9CEB8-8B4A-11D0-8D11-00A0C91BC942}") = "ALL_BUILD", "NvCloth\compiler\vs2022-v143-win64-cmake\ALL_BUILD.vcxproj", "{51614A47-B2B0-3613-BF7C-16F13D2EC608}"
	ProjectSection(ProjectDependencies) = postProject
		{8FD31D8F-BE5A-30A0-BF17-3B7210D5D41F} = {8FD31D8F-BE5A-30A0-BF17-3B7210D5D41F}
		{04A154AC-B242-3BA9-83E2-5EFB07D277F6} = {04A154AC-B242-3BA9-83E2-5EFB07D277F6}
	EndProjectSection
EndProject
Project("{8BC9CEB8-8B4A-11D0-8D11-00A0C91BC942}") = "NvCloth", "NvCloth\compiler\vs2022-v143-win64-cmake\NvCloth.vcxproj", "{8FD31D8F-BE5A-30A0-BF17-3B7210D5D41F}"
	ProjectSection(ProjectDependencies) = postProject
		{04A154AC-B242-3BA9-83E2-5EFB07D277F6} = {04A154AC-B242-3BA9-83E2-5EFB07D277F6}
	EndProjectSection
EndProject
Project("{8BC9CEB8-8B4A-11D0-8D11-00A0C91BC942}") = "ZERO_CHECK", "NvCloth\compiler\vs2022-v143-win64-cmake\ZERO_CHECK.vcxproj", "{04A154AC-B242-3BA9-83E2-5EFB07D277F6}"
	ProjectSection(ProjectDependencies) = postProject
	EndProjectSection
EndProject
Global
	GlobalSection(SolutionConfigurationPlatforms) = preSolution
		debug|x64 = debug|x64
		checked|x64 = checked|x64
		profile|x64 = profile|x64
		release|x64 = release|x64
	EndGlobalSection
	GlobalSection(ProjectConfigurationPlatforms) = postSolution
		{51614A47-B2B0-3613-BF7C-16F13D2EC608}.debug|x64.ActiveCfg = debug|x64
		{51614A47-B2B0-3613-BF7C-16F13D2EC608}.checked|x64.ActiveCfg = checked|x64
		{51614A47-B2B0-3613-BF7C-16F13D2EC608}.profile|x64.ActiveCfg = profile|x64
		{51614A47-B2B0-3613-BF7C-16F13D2EC608}.release|x64.ActiveCfg = release|x64
		{8FD31D8F-BE5A-30A0-BF17-3B7210D5D41F}.debug|x64.ActiveCfg = debug|x64
		{8FD31D8F-BE5A-30A0-BF17-3B7210D5D41F}.debug|x64.Build.0 = debug|x64
		{8FD31D8F-BE5A-30A0-BF17-3B7210D5D41F}.checked|x64.ActiveCfg = checked|x64
		{8FD31D8F-BE5A-30A0-BF17-3B7210D5D41F}.checked|x64.Build.0 = checked|x64
		{8FD31D8F-BE5A-30A0-BF17-3B7210D5D41F}.profile|x64.ActiveCfg = profile|x64
		{8FD31D8F-BE5A-30A0-BF17-3B7210D5D41F}.profile|x64.Build.0 = profile|x64
		{8FD31D8F-BE5A-30A0-BF17-3B7210D5D41F}.release|x64.ActiveCfg = release|x64
		{8FD31D8F-BE5A-30A0-BF17-3B7210D5D41F}.release|x64.Build.0 = release|x64
		{04A154AC-B242-3BA9-83E2-5EFB07D277F6}.debug|x64.ActiveCfg = debug|x64
		{04A154AC-B242-3BA9-83E2-5EFB07D277F6}.debug|x64.Build.0 = debug|x64
		{04A154AC-B242-3BA9-83E2-5EFB07D277F6}.checked|x64.ActiveCfg = checked|x64
		{04A154AC-B242-3BA9-83E2-5EFB07D277F6}.checked|x64.Build.0 = checked|x64
		{04A154AC-B242-3BA9-83E2-5EFB07D277F6}.profile|x64.ActiveCfg = profile|x64
		{04A154AC-B242-3BA9-83E2-5EFB07D277F6}.profile|x64.Build.0 = profile|x64
		{04A154AC-B242-3BA9-83E2-5EFB07D277F6}.release|x64.ActiveCfg = release|x64
		{04A154AC-B242-3BA9-83E2-5EFB07D277F6}.release|x64.Build.0 = release|x64
	EndGlobalSection
	GlobalSection(ExtensibilityGlobals) = postSolution
		SolutionGuid = {5273B76D-68A2-3EE0-8891-437F8C7662D6}
	EndGlobalSection
	GlobalSection(ExtensibilityAddIns) = postSolution
	EndGlobalSection
EndGlobal

