<?xml version="1.0" encoding="utf-8"?>
<Project ToolsVersion="4.0" xmlns="http://schemas.microsoft.com/developer/msbuild/2003">
  <ItemGroup>
    <FxCompile Include="ShaderW0.hlsl" />
  </ItemGroup>
  <ItemGroup>
    <ClCompile Include="Engine\Render\Resource\Buffer.cpp" />
    <ClCompile Include="Engine\Render\Device\D3DDevice.cpp" />
    <ClCompile Include="Engine\Math\Matrix.cpp" />
    <ClCompile Include="Engine\Math\Vector.cpp" />
    <ClCompile Include="Engine\Render\Scene\RenderCommand.h" />
    <ClCompile Include="Engine\Scene\Camera.cpp" />
    <ClCompile Include="ImGui\imgui.cpp" />
    <ClCompile Include="ImGui\imgui_demo.cpp" />
    <ClCompile Include="ImGui\imgui_draw.cpp" />
    <ClCompile Include="ImGui\imgui_impl_dx11.cpp" />
    <ClCompile Include="ImGui\imgui_impl_win32.cpp" />
    <ClCompile Include="ImGui\imgui_tables.cpp" />
    <ClCompile Include="ImGui\imgui_widgets.cpp" />
    <ClCompile Include="main.cpp" />
    <ClCompile Include="Engine\Render\Resource\Shader.cpp" />
    <ClCompile Include="Engine\Render\Scene\RenderBus.cpp" />
    <ClCompile Include="Engine\Render\Renderer\Renderer.cpp" />
    <ClCompile Include="Engine\Classes\AActor.cpp" />
    <ClCompile Include="Engine\Math\Utils.cpp" />
    <ClCompile Include="Engine\Physics\CollisionManager.cpp" />
    <ClCompile Include="Engine\World.cpp" />
    <ClCompile Include="Engine\Core\InputSystem.cpp" />
    <ClCompile Include="Engine\Render\Resource\MeshBufferManager.cpp" />
    <ClCompile Include="Object\ActorComponent.cpp" />
    <ClCompile Include="Object\EngineStatics.cpp" />
    <ClCompile Include="Object\Object.cpp" />
    <ClCompile Include="World\GizmoComponent.cpp" />
    <ClCompile Include="World\Mesh\MeshManager.cpp" />
    <ClCompile Include="World\PrimitiveComponent.cpp" />
    <ClCompile Include="World\SceneComponent.cpp" />
    <ClCompile Include="World\Transform.cpp" />
    <ClCompile Include="Engine\Render\Scene\RenderCollector.cpp" />
    <ClCompile Include="Editor\EditorEngine.cpp" />
    <ClCompile Include="Editor\UI\EditorMainPanel.cpp" />
    <ClCompile Include="Editor\Viewport\EditorViewportClient.cpp" />
    <ClCompile Include="Engine\Runtime\EngineLoop.cpp" />
    <ClCompile Include="Engine\Runtime\Launch.cpp" />
    <ClCompile Include="Editor\Core\EditorConsole.cpp" />
    <ClCompile Include="Engine\SceneSaveManager.cpp" />
  </ItemGroup>
  <ItemGroup>
    <ClInclude Include="Engine\Core\ConsoleHelper.h" />
    <ClInclude Include="Engine\Render\Resource\Buffer.h" />
    <ClInclude Include="Engine\Scene\Camera.h" />
    <ClInclude Include="Engine\Core\Console.h" />
    <ClInclude Include="Engine\Render\Device\D3DDevice.h" />
    <ClInclude Include="Engine\Math\Matrix.h" />
    <ClInclude Include="Engine\Math\Vector.h" />
    <ClInclude Include="Engine\Render\Resource\VertexTypes.h" />
    <ClInclude Include="ImGui\imconfig.h" />
    <ClInclude Include="ImGui\imgui.h" />
    <ClInclude Include="ImGui\imgui_impl_dx11.h" />
    <ClInclude Include="ImGui\imgui_impl_win32.h" />
    <ClInclude Include="ImGui\imgui_internal.h" />
    <ClInclude Include="ImGui\imstb_rectpack.h" />
    <ClInclude Include="ImGui\imstb_textedit.h" />
    <ClInclude Include="ImGui\imstb_truetype.h" />
    <ClInclude Include="Engine\Render\Resource\Shader.h" />
    <ClInclude Include="Engine\Render\Scene\RenderBus.h" />
    <ClInclude Include="Engine\Render\Renderer\Renderer.h" />
    <ClInclude Include="Engine\Core\InputSystem.h" />
    <ClInclude Include="Engine\Core\Debug.h" />
    <ClInclude Include="Engine\Physics\CollisionManager.h" />
    <ClInclude Include="Engine\Classes\AActor.h" />
    <ClInclude Include="Engine\Render\Common\RenderTypes.h" />
    <ClInclude Include="Engine\Math\Utils.h" />
    <ClInclude Include="Engine\Render\Resource\RenderResources.h" />
    <ClInclude Include="Engine\World.h" />
    <ClInclude Include="Engine\Render\Resource\MeshBufferManager.h" />
    <ClInclude Include="Object\EngineStatics.h" />
    <ClInclude Include="Object\Object.h" />
    <ClInclude Include="Object\ActorComponent.h" />
    <ClInclude Include="World\GizmoComponent.h" />
    <ClInclude Include="World\Mesh\MeshManager.h" />
    <ClInclude Include="World\PrimitiveComponent.h" />
    <ClInclude Include="World\SceneComponent.h" />
    <ClInclude Include="World\Transform.h" />
    <ClInclude Include="Engine\Classes\ACubeActor.h" />
    <ClInclude Include="Engine\Math\CollisionMath.h" />
    <ClInclude Include="Engine\Physics\Collider.h" />
    <ClInclude Include="Engine\Render\Scene\RenderCollector.h" />
    <ClInclude Include="Engine\Render\Scene\RenderCollectorContext.h" />
    <ClInclude Include="Editor\EditorEngine.h" />
    <ClInclude Include="Editor\UI\EditorMainPanel.h" />
    <ClInclude Include="Editor\Viewport\EditorViewportClient.h" />
    <ClInclude Include="Engine\Runtime\EngineLoop.h" />
    <ClInclude Include="Engine\Runtime\Launch.h" />
    <ClInclude Include="..\..\..\..\Downloads\SimpleJSON-master\SimpleJSON-master\json.hpp" />
    <ClInclude Include="Editor\Core\EditorEngine\Core\Console.h" />
    <ClInclude Include="Editor\Viewport\CursorOverlayState.h" />
    <ClInclude Include="Engine\Core\CollisionTypes.h" />
    <ClInclude Include="Engine\Core\Common.h" />
    <ClInclude Include="Engine\SceneSaveManager.h" />
    <ClInclude Include="Object\ObjectFactory.h" />
    <ClInclude Include="SimpleJSON\json.hpp" />
    <ClInclude Include="Engine\Render\Renderer\RenderPipeline.h" />
  </ItemGroup>
  <ItemGroup>
    <None Include="Camera_RightClick_Speed_Fix.md" />
  </ItemGroup>
</Project>