<?xml version="1.0" encoding="utf-8"?>
<Project ToolsVersion="4.0" xmlns="http://schemas.microsoft.com/developer/msbuild/2003">
  <ItemGroup>
    <Filter Include="Shaders">
      <UniqueIdentifier>{60bee595-7411-c81f-0e11-0934d02a64bc}</UniqueIdentifier>
    </Filter>
    <Filter Include="Shaders\PostProcess">
      <UniqueIdentifier>{7e71900e-08bc-2576-2bd3-316530fe3020}</UniqueIdentifier>
    </Filter>
    <Filter Include="Shaders\UI">
      <UniqueIdentifier>{d20bfe7d-4307-41a9-9016-423bc5f9c001}</UniqueIdentifier>
    </Filter>
    <Filter Include="Source">
      <UniqueIdentifier>{a2c655c5-b907-4abe-9c4e-0ae260b05ced}</UniqueIdentifier>
    </Filter>
    <Filter Include="Source\Game">
      <UniqueIdentifier>{41726a56-b1ce-4c90-aef5-1d55cf8fbb13}</UniqueIdentifier>
    </Filter>
    <Filter Include="Source\Launch">
      <UniqueIdentifier>{2ee05952-c7c9-4ec7-b401-6110a7ac5e47}</UniqueIdentifier>
    </Filter>
    <Filter Include="Source\Editor">
      <UniqueIdentifier>{01c06a87-3b33-f1be-c238-04f144aa4c78}</UniqueIdentifier>
    </Filter>
    <Filter Include="Source\Editor\Input">
      <UniqueIdentifier>{31909b73-9f17-7a2d-92bc-5d16be3d4d7a}</UniqueIdentifier>
    </Filter>
    <Filter Include="Source\Editor\Selection">
      <UniqueIdentifier>{33d96653-88d6-d5dc-f0fa-d752c20ed9ed}</UniqueIdentifier>
    </Filter>
    <Filter Include="Source\Editor\Settings">
      <UniqueIdentifier>{1393aad3-59b4-8a7e-bf2a-94277bd1f371}</UniqueIdentifier>
    </Filter>
    <Filter Include="Source\Editor\UI">
      <UniqueIdentifier>{bc6f9cd9-3513-78f0-0505-1eb95e34498d}</UniqueIdentifier>
    </Filter>
    <Filter Include="Source\Editor\Viewport">
      <UniqueIdentifier>{1a34369a-b65d-0692-a150-9209617bbd99}</UniqueIdentifier>
    </Filter>
    <Filter Include="Source\Editor\PIE">
      <UniqueIdentifier>{8df50f91-3f3b-4f59-9e85-f458918cc0d8}</UniqueIdentifier>
    </Filter>
    <Filter Include="Source\Editor\Undo">
      <UniqueIdentifier>{8d5ce3f6-5e3d-43c4-aac1-e091f780fb9e}</UniqueIdentifier>
    </Filter>
    <Filter Include="Source\Editor\Asset">
      <UniqueIdentifier>{f58bcf52-84c0-49d7-8ad0-46f40fa28bbf}</UniqueIdentifier>
    </Filter>
    <Filter Include="Source\Editor\Command">
      <UniqueIdentifier>{b1f8c610-f6e8-42df-aeb9-aad8fa0d2d44}</UniqueIdentifier>
    </Filter>
    <Filter Include="Source\Editor\Notification">
      <UniqueIdentifier>{ee3508aa-0746-43c0-9985-c4d7b423d7f4}</UniqueIdentifier>
    </Filter>
    <Filter Include="Source\Editor\Scene">
      <UniqueIdentifier>{d0d71215-9875-4e77-a9dc-5b4dbb0f5836}</UniqueIdentifier>
    </Filter>
    <Filter Include="Source\Editor\Packaging">
      <UniqueIdentifier>{c3f50f29-df59-453e-a95a-5489aef4eb23}</UniqueIdentifier>
    </Filter>
    <Filter Include="Source\Engine">
      <UniqueIdentifier>{bfcd2a84-61fc-3a27-7115-8732c34a60d0}</UniqueIdentifier>
    </Filter>
    <Filter Include="Source\Engine\Audio">
      <UniqueIdentifier>{d43e716f-b7f0-4f52-8c4f-20a99dc3fdf8}</UniqueIdentifier>
    </Filter>
    <Filter Include="Source\Engine\Camera">
      <UniqueIdentifier>{a9d7a8e1-f9c4-4c77-9f82-8d7b2a6e44c1}</UniqueIdentifier>
    </Filter>
    <Filter Include="Source\Engine\Asset">
      <UniqueIdentifier>{4defec5c-eaae-b334-ca2c-12fdd0abe386}</UniqueIdentifier>
    </Filter>
    <Filter Include="Source\Engine\Animation">
      <UniqueIdentifier>{ec03551c-6f89-4b63-b715-98e8c0a38102}</UniqueIdentifier>
    </Filter>
    <Filter Include="Source\Engine\Collision">
      <UniqueIdentifier>{b6e31b62-ff44-29dc-3a64-69f9805cba88}</UniqueIdentifier>
    </Filter>
    <Filter Include="Source\Engine\Collision\RayCollision">
      <UniqueIdentifier>{0f2b32e3-a74a-ee50-a298-95377985483b}</UniqueIdentifier>
    </Filter>
    <Filter Include="Source\Engine\Component">
      <UniqueIdentifier>{20a3ff62-6666-58c6-dd73-8a4513da2ca3}</UniqueIdentifier>
    </Filter>
    <Filter Include="Source\Engine\Component\Movement">
      <UniqueIdentifier>{a5b9b888-60c7-ef17-a883-5cc31c907635}</UniqueIdentifier>
    </Filter>
    <Filter Include="Source\Engine\Component\PostProcess">
      <UniqueIdentifier>{b706c0ce-1360-1afe-9c3f-97a5e8d65ac3}</UniqueIdentifier>
    </Filter>
    <Filter Include="Source\Engine\Component\PostProcess\Light">
      <UniqueIdentifier>{bdfe0d77-4f26-986d-d3bd-3762e085ddda}</UniqueIdentifier>
    </Filter>
    <Filter Include="Source\Engine\Core">
      <UniqueIdentifier>{8b69df27-06f7-dea9-00be-7dcc5bcae5a6}</UniqueIdentifier>
    </Filter>
    <Filter Include="Source\Engine\Core\Containers">
      <UniqueIdentifier>{d46d3ee9-22aa-c303-1370-edcc47ae1fc1}</UniqueIdentifier>
    </Filter>
    <Filter Include="Source\Engine\Core\Logging">
      <UniqueIdentifier>{6f50ac41-faa1-3726-af8c-a978dcf9482e}</UniqueIdentifier>
    </Filter>
    <Filter Include="Source\Engine\GameFramework">
      <UniqueIdentifier>{52c13701-c05b-69fd-253f-f87ac22453d9}</UniqueIdentifier>
    </Filter>
    <Filter Include="Source\Engine\Geometry">
      <UniqueIdentifier>{c2319dba-1c79-a1ae-80c5-00daeb3389cc}</UniqueIdentifier>
    </Filter>
    <Filter Include="Source\Engine\Input">
      <UniqueIdentifier>{8c6fa399-133c-c7dc-8f7f-aef811a985ad}</UniqueIdentifier>
    </Filter>
    <Filter Include="Source\Engine\Input\Controller">
      <UniqueIdentifier>{06afad98-66f8-abab-e678-aa97a77e0066}</UniqueIdentifier>
    </Filter>
    <Filter Include="Source\Engine\Math">
      <UniqueIdentifier>{1f95424e-78f3-3176-c345-9ebb635ae099}</UniqueIdentifier>
    </Filter>
    <Filter Include="Source\Engine\Object">
      <UniqueIdentifier>{bde1343c-f2f0-832e-756d-af7b4ac2f6e7}</UniqueIdentifier>
    </Filter>
    <Filter Include="Source\Engine\Render">
      <UniqueIdentifier>{c2b26f68-96a9-037f-9122-8cc548e081ff}</UniqueIdentifier>
    </Filter>
    <Filter Include="Source\Engine\Render\Common">
      <UniqueIdentifier>{108dc0c1-4479-94be-2910-1d448b2d0fa7}</UniqueIdentifier>
    </Filter>
    <Filter Include="Source\Engine\Render\Device">
      <UniqueIdentifier>{b45e8ed3-f2e1-20c4-d86c-d568ca9584c7}</UniqueIdentifier>
    </Filter>
    <Filter Include="Source\Engine\Render\Mesh">
      <UniqueIdentifier>{5b8a4f7d-aefb-5262-3cbe-770ad254e1c4}</UniqueIdentifier>
    </Filter>
    <Filter Include="Source\Engine\Render\Renderer">
      <UniqueIdentifier>{219c21d6-301e-9889-9891-1ed459003345}</UniqueIdentifier>
    </Filter>
    <Filter Include="Source\Engine\Render\Renderer\RenderFlow">
      <UniqueIdentifier>{de2bc3b4-8191-d3b3-83c6-4dddeddbabd2}</UniqueIdentifier>
    </Filter>
    <Filter Include="Source\Engine\Render\Renderer\RenderTarget">
      <UniqueIdentifier>{db165c28-a461-d451-4661-ef5ed2f4c461}</UniqueIdentifier>
    </Filter>
    <Filter Include="Source\Engine\Render\Resource">
      <UniqueIdentifier>{e531d80c-df7b-302a-eb68-88766c4bbd6b}</UniqueIdentifier>
    </Filter>
    <Filter Include="Source\Engine\Render\Scene">
      <UniqueIdentifier>{47ff1c07-1c1a-4340-8c8b-82e5729c9fa7}</UniqueIdentifier>
    </Filter>
    <Filter Include="Source\Engine\Runtime">
      <UniqueIdentifier>{26c2758f-6f33-95db-0d84-95cb2a4bcc52}</UniqueIdentifier>
    </Filter>
    <Filter Include="Source\Engine\Runtime\Stats">
      <UniqueIdentifier>{b73b3ffd-cc3e-3e73-cd5e-4c862ce12d43}</UniqueIdentifier>
    </Filter>
    <Filter Include="Source\Engine\UI">
      <UniqueIdentifier>{93bfe338-2d3f-4f30-93b8-b17b8b563810}</UniqueIdentifier>
    </Filter>
    <Filter Include="Source\Engine\UI\RmlUi">
      <UniqueIdentifier>{55a3ff59-9b5a-481e-a41f-2cbceaf34ad8}</UniqueIdentifier>
    </Filter>
    <Filter Include="Source\Engine\UI\Backends">
      <UniqueIdentifier>{277d3098-fef3-4ec0-a97a-9ce7d69b43ea}</UniqueIdentifier>
    </Filter>
    <Filter Include="Source\Engine\Serialization">
      <UniqueIdentifier>{2da23669-dc56-0f8c-0400-ac456128f1fa}</UniqueIdentifier>
    </Filter>
    <Filter Include="Source\Engine\Slate">
      <UniqueIdentifier>{d41c747e-d34e-c539-1e9a-c8df44ae034e}</UniqueIdentifier>
    </Filter>
    <Filter Include="Source\Engine\Spatial">
      <UniqueIdentifier>{f8334c36-7f14-c751-7bba-2157775fd0eb}</UniqueIdentifier>
    </Filter>
    <Filter Include="Source\Misc">
      <UniqueIdentifier>{80bb3fb1-78dd-ab3e-b9d5-e1cee5602ed0}</UniqueIdentifier>
    </Filter>
    <Filter Include="Source\Misc\ObjViewer">
      <UniqueIdentifier>{00d409af-9f90-b6ea-7791-4069f50caa8d}</UniqueIdentifier>
    </Filter>
    <Filter Include="Source\Misc\ObjViewer\Settings">
      <UniqueIdentifier>{c00cbebe-d7ae-beca-0474-aebd61a4b52f}</UniqueIdentifier>
    </Filter>
    <Filter Include="Source\Misc\ObjViewer\UI">
      <UniqueIdentifier>{72266e28-9f63-7b46-8ace-2ce3ef8fcb5c}</UniqueIdentifier>
    </Filter>
    <Filter Include="Source\Misc\ObjViewer\Viewport">
      <UniqueIdentifier>{a92070af-a018-ee07-ea50-1f65e812c419}</UniqueIdentifier>
    </Filter>
    <Filter Include="ThirdParty">
      <UniqueIdentifier>{1733db68-5028-c18d-f0ab-eeb42860f9f8}</UniqueIdentifier>
    </Filter>
    <Filter Include="ThirdParty\ImGui">
      <UniqueIdentifier>{5326d6e3-f339-0d51-b7d9-34f630792b9e}</UniqueIdentifier>
    </Filter>
    <Filter Include="ThirdParty\SimpleJSON">
      <UniqueIdentifier>{60f3c5d4-2dd4-3746-7c69-104344277d07}</UniqueIdentifier>
    </Filter>
    <Filter Include="ThirdParty\SoLoud">
      <UniqueIdentifier>{f0d2e6d3-25ec-4b7f-a9a1-6c55899c22f1}</UniqueIdentifier>
    </Filter>
    <Filter Include="ThirdParty\SoLoud\Core">
      <UniqueIdentifier>{9f7088b7-15f7-496c-956f-1a6d4671e71a}</UniqueIdentifier>
    </Filter>
    <Filter Include="ThirdParty\SoLoud\AudioSource">
      <UniqueIdentifier>{a8ad7c78-3ccb-4595-b4cc-d1fe93993e18}</UniqueIdentifier>
    </Filter>
    <Filter Include="ThirdParty\SoLoud\Backend">
      <UniqueIdentifier>{8ee1bf9d-48ab-45d5-b579-0f8d1e9fa2ac}</UniqueIdentifier>
    </Filter>
  </ItemGroup>
  <ItemGroup>
    <ClCompile Include="Source\Engine\Audio\AudioSystem.cpp">
      <Filter>Source\Engine\Audio</Filter>
    </ClCompile>
    <ClCompile Include="Source\Engine\Core\Random\EngineRandom.cpp">
      <Filter>Source\Engine\Core</Filter>
    </ClCompile>
    <ClCompile Include="Source\Editor\EditorEngine.cpp">
      <Filter>Source\Editor</Filter>
    </ClCompile>
    <ClCompile Include="Source\Editor\Asset\EditorAssetService.cpp">
      <Filter>Source\Editor\Asset</Filter>
    </ClCompile>
    <ClCompile Include="Source\Editor\Command\EditorCommandSystem.cpp">
      <Filter>Source\Editor\Command</Filter>
    </ClCompile>
    <ClCompile Include="Source\Editor\Notification\EditorNotificationService.cpp">
      <Filter>Source\Editor\Notification</Filter>
    </ClCompile>
    <ClCompile Include="Source\Editor\Scene\EditorSceneService.cpp">
      <Filter>Source\Editor\Scene</Filter>
    </ClCompile>
    <ClCompile Include="Source\Editor\PIE\PIESession.cpp">
      <Filter>Source\Editor\PIE</Filter>
    </ClCompile>
    <ClCompile Include="Source\Editor\EditorRenderPipeline.cpp">
      <Filter>Source\Editor</Filter>
    </ClCompile>
    <ClCompile Include="Source\Editor\Input\EditorViewportTools.cpp">
      <Filter>Source\Editor\Input</Filter>
    </ClCompile>
    <ClCompile Include="Source\Editor\Packaging\GamePackager.cpp">
      <Filter>Source\Editor\Packaging</Filter>
    </ClCompile>
    <ClCompile Include="Source\Editor\Selection\SelectionManager.cpp">
      <Filter>Source\Editor\Selection</Filter>
    </ClCompile>
    <ClCompile Include="Source\Editor\Undo\EditorUndoSystem.cpp">
      <Filter>Source\Editor\Undo</Filter>
    </ClCompile>
    <ClCompile Include="Source\Editor\Settings\EditorSettings.cpp">
      <Filter>Source\Editor\Settings</Filter>
    </ClCompile>
    <ClCompile Include="Source\Editor\Settings\ProjectSettings.cpp">
      <Filter>Source\Editor\Settings</Filter>
    </ClCompile>
    <ClCompile Include="Source\Editor\UI\EditorConsoleWidget.cpp">
      <Filter>Source\Editor\UI</Filter>
    </ClCompile>
    <ClCompile Include="Source\Editor\UI\EditorContentBrowserWidget.cpp">
      <Filter>Source\Editor\UI</Filter>
    </ClCompile>
    <ClCompile Include="Source\Editor\UI\EditorControlWidget.cpp">
      <Filter>Source\Editor\UI</Filter>
    </ClCompile>
    <ClCompile Include="Source\Editor\UI\EditorCurveEditorWidget.cpp">
      <Filter>Source\Editor\UI</Filter>
    </ClCompile>
    <ClCompile Include="Source\Editor\UI\EditorMainPanelDebug.cpp">
      <Filter>Source\Editor\UI</Filter>
    </ClCompile>
    <ClCompile Include="Source\Editor\UI\EditorMainPanelDocumentChrome.cpp">
      <Filter>Source\Editor\UI</Filter>
    </ClCompile>
    <ClCompile Include="Source\Editor\UI\EditorMainPanelFooter.cpp">
      <Filter>Source\Editor\UI</Filter>
    </ClCompile>
    <ClCompile Include="Source\Editor\UI\EditorMainPanelGameModeSettings.cpp">
      <Filter>Source\Editor\UI</Filter>
    </ClCompile>
    <ClCompile Include="Source\Editor\UI\EditorCommandContext.cpp">
      <Filter>Source\Editor\UI</Filter>
    </ClCompile>
    <ClCompile Include="Source\Editor\UI\EditorTabManager.cpp">
      <Filter>Source\Editor\UI</Filter>
    </ClCompile>
    <ClCompile Include="Source\Editor\UI\EditorMainPanelInput.cpp">
      <Filter>Source\Editor\UI</Filter>
    </ClCompile>
    <ClCompile Include="Source\Editor\UI\EditorMainPanelLayout.cpp">
      <Filter>Source\Editor\UI</Filter>
    </ClCompile>
    <ClCompile Include="Source\Editor\UI\EditorMainPanelMaterial.cpp">
      <Filter>Source\Editor\UI</Filter>
    </ClCompile>
    <ClCompile Include="Source\Editor\UI\EditorMainPanelPIE.cpp">
      <Filter>Source\Editor\UI</Filter>
    </ClCompile>
    <ClCompile Include="Source\Editor\UI\EditorMainPanelRuntimeUI.cpp">
      <Filter>Source\Editor\UI</Filter>
    </ClCompile>
    <ClCompile Include="Source\Editor\UI\EditorMainPanelPackaging.cpp">
      <Filter>Source\Editor\UI</Filter>
    </ClCompile>
    <ClCompile Include="Source\Editor\UI\EditorMainPanelPackagingHelpers.cpp">
      <Filter>Source\Editor\UI</Filter>
    </ClCompile>
    <ClCompile Include="Source\Editor\UI\EditorMainPanelScene.cpp">
      <Filter>Source\Editor\UI</Filter>
    </ClCompile>
    <ClCompile Include="Source\Editor\UI\EditorMainPanelStyle.cpp">
      <Filter>Source\Editor\UI</Filter>
    </ClCompile>
    <ClCompile Include="Source\Editor\UI\EditorMainPanelTabs.cpp">
      <Filter>Source\Editor\UI</Filter>
    </ClCompile>
    <ClCompile Include="Source\Editor\UI\EditorMainPanelTabRouting.cpp">
      <Filter>Source\Editor\UI</Filter>
    </ClCompile>
    <ClCompile Include="Source\Editor\UI\EditorMainPanelFrame.cpp">
      <Filter>Source\Editor\UI</Filter>
    </ClCompile>
    <ClCompile Include="Source\Editor\UI\EditorMainPanelChrome.cpp">
      <Filter>Source\Editor\UI</Filter>
    </ClCompile>
    <ClCompile Include="Source\Editor\UI\EditorMainPanelBootstrap.cpp">
      <Filter>Source\Editor\UI</Filter>
    </ClCompile>
    <ClCompile Include="Source\Editor\UI\EditorMainPanelWidgetSetup.cpp">
      <Filter>Source\Editor\UI</Filter>
    </ClCompile>
    <ClCompile Include="Source\Editor\UI\EditorMainPanelToolbar.cpp">
      <Filter>Source\Editor\UI</Filter>
    </ClCompile>
    <ClCompile Include="Source\Editor\UI\EditorMainPanelPlacement.cpp">
      <Filter>Source\Editor\UI</Filter>
    </ClCompile>
    <ClCompile Include="Source\Editor\UI\EditorMainPanelViewportButtons.cpp">
      <Filter>Source\Editor\UI</Filter>
    </ClCompile>
    <ClCompile Include="Source\Editor\UI\EditorMainPanelViewportContextMenu.cpp">
      <Filter>Source\Editor\UI</Filter>
    </ClCompile>
    <ClCompile Include="Source\Editor\UI\EditorMainPanelViewportMenuBar.cpp">
      <Filter>Source\Editor\UI</Filter>
    </ClCompile>
    <ClCompile Include="Source\Editor\UI\EditorMainPanelViewportToolbar.cpp">
      <Filter>Source\Editor\UI</Filter>
    </ClCompile>
    <ClCompile Include="Source\Editor\UI\EditorMainPanelViewportIcons.cpp">
      <Filter>Source\Editor\UI</Filter>
    </ClCompile>
    <ClCompile Include="Source\Editor\UI\EditorMainPanelViewportHost.cpp">
      <Filter>Source\Editor\UI</Filter>
    </ClCompile>
    <ClCompile Include="Source\Editor\UI\EditorMaterialWidget.cpp">
      <Filter>Source\Editor\UI</Filter>
    </ClCompile>
    <ClCompile Include="Source\Editor\UI\EditorPlayStreamWidget.cpp">
      <Filter>Source\Editor\UI</Filter>
    </ClCompile>
    <ClCompile Include="Source\Editor\UI\EditorActorSequenceDetails.cpp">
      <Filter>Source\Editor\UI</Filter>
    </ClCompile>
    <ClCompile Include="Source\Editor\UI\EditorActorSequenceEditModel.cpp">
      <Filter>Source\Editor\UI</Filter>
    </ClCompile>
    <ClCompile Include="Source\Editor\UI\EditorActorSequencerWidget.cpp">
      <Filter>Source\Editor\UI</Filter>
    </ClCompile>
    <ClCompile Include="Source\Editor\UI\EditorPropertyWidget.cpp">
      <Filter>Source\Editor\UI</Filter>
    </ClCompile>
    <ClCompile Include="Source\Editor\UI\EditorRuntimeUIPreviewWidget.cpp">
      <Filter>Source\Editor\UI</Filter>
    </ClCompile>
    <ClCompile Include="Source\Editor\UI\EditorSceneWidget.cpp">
      <Filter>Source\Editor\UI</Filter>
    </ClCompile>
    <ClCompile Include="Source\Editor\UI\EditorStatWidget.cpp">
      <Filter>Source\Editor\UI</Filter>
    </ClCompile>
    <ClCompile Include="Source\Editor\UI\EditorToolbarWidget.cpp">
      <Filter>Source\Editor\UI</Filter>
    </ClCompile>
    <ClCompile Include="Source\Editor\UI\EditorViewportOverlayWidget.cpp">
      <Filter>Source\Editor\UI</Filter>
    </ClCompile>
    <ClCompile Include="Source\Editor\UI\EditorWidget.cpp">
      <Filter>Source\Editor\UI</Filter>
    </ClCompile>
    <ClCompile Include="Source\Editor\Viewport\EditorBoxSelectionService.cpp">
      <Filter>Source\Editor\Viewport</Filter>
    </ClCompile>
    <ClCompile Include="Source\Editor\Viewport\EditorViewportNavigationController.cpp">
      <Filter>Source\Editor\Viewport</Filter>
    </ClCompile>
    <ClCompile Include="Source\Editor\Viewport\EditorViewportClient.cpp">
      <Filter>Source\Editor\Viewport</Filter>
    </ClCompile>
    <ClCompile Include="Source\Editor\Viewport\EditorViewportPIEController.cpp">
      <Filter>Source\Editor\Viewport</Filter>
    </ClCompile>
    <ClCompile Include="Source\Editor\Viewport\EditorPickingService.cpp">
      <Filter>Source\Editor\Viewport</Filter>
    </ClCompile>
    <ClCompile Include="Source\Editor\Viewport\EditorTransformInteraction.cpp">
      <Filter>Source\Editor\Viewport</Filter>
    </ClCompile>
    <ClCompile Include="Source\Editor\Viewport\FSceneViewport.cpp">
      <Filter>Source\Editor\Viewport</Filter>
    </ClCompile>
    <ClCompile Include="Source\Engine\Camera\ViewportCamera.cpp">
      <Filter>Source\Engine\Camera</Filter>
    </ClCompile>
    <ClCompile Include="Source\Editor\Viewport\ViewportLayout.cpp">
      <Filter>Source\Editor\Viewport</Filter>
    </ClCompile>
    <ClCompile Include="Source\Engine\Asset\BinarySerializer.cpp">
      <Filter>Source\Engine\Asset</Filter>
    </ClCompile>
    <ClCompile Include="Source\Engine\Asset\CurveAssetLoader.cpp">
      <Filter>Source\Engine\Asset</Filter>
    </ClCompile>
    <ClCompile Include="Source\Engine\Asset\CurveFloatAsset.cpp">
      <Filter>Source\Engine\Asset</Filter>
    </ClCompile>
    <ClCompile Include="Source\Engine\Asset\FileUtils.cpp">
      <Filter>Source\Engine\Asset</Filter>
    </ClCompile>
    <ClCompile Include="Source\Engine\Asset\FbxImporter.cpp">
      <Filter>Source\Engine\Asset</Filter>
    </ClCompile>
    <ClCompile Include="Source\Engine\Asset\FontAtlasLoader.cpp">
      <Filter>Source\Engine\Asset</Filter>
    </ClCompile>
    <ClCompile Include="Source\Engine\Asset\ObjLoader.cpp">
      <Filter>Source\Engine\Asset</Filter>
    </ClCompile>
    <ClCompile Include="Source\Engine\Asset\ParticleAtlasLoader.cpp">
      <Filter>Source\Engine\Asset</Filter>
    </ClCompile>
    <ClCompile Include="Source\Engine\Asset\StaticMesh.cpp">
      <Filter>Source\Engine\Asset</Filter>
    </ClCompile>
    <ClCompile Include="Source\Engine\Asset\AssetQueryService.cpp">
      <Filter>Source\Engine\Asset</Filter>
    </ClCompile>
    <ClCompile Include="Source\Engine\Asset\StaticMeshSimplifier.cpp">
      <Filter>Source\Engine\Asset</Filter>
    </ClCompile>
    <ClCompile Include="Source\Engine\Animation\CurvePlayback.cpp">
      <Filter>Source\Engine\Animation</Filter>
    </ClCompile>
    <ClCompile Include="Source\Engine\Animation\ActorSequence.cpp">
      <Filter>Source\Engine\Animation</Filter>
    </ClCompile>
    <ClCompile Include="Source\Engine\Animation\TimelinePlayer.cpp">
      <Filter>Source\Engine\Animation</Filter>
    </ClCompile>
    <ClCompile Include="Source\Engine\Collision\RayCollision\RayCollision.cpp">
      <Filter>Source\Engine\Collision\RayCollision</Filter>
    </ClCompile>
    <ClCompile Include="Source\Engine\Component\ActorComponent.cpp">
      <Filter>Source\Engine\Component</Filter>
    </ClCompile>
    <ClCompile Include="Source\Engine\Component\ActorSequenceComponent.cpp">
      <Filter>Source\Engine\Component</Filter>
    </ClCompile>
    <ClCompile Include="Source\Engine\Component\BillboardComponent.cpp">
      <Filter>Source\Engine\Component</Filter>
    </ClCompile>
    <ClCompile Include="Source\Engine\Component\CameraComponent.cpp">
      <Filter>Source\Engine\Component</Filter>
    </ClCompile>
    <ClCompile Include="Source\Engine\Component\DecalComponent.cpp">
      <Filter>Source\Engine\Component</Filter>
    </ClCompile>
    <ClCompile Include="Source\Engine\Component\FireballComponent.cpp">
      <Filter>Source\Engine\Component</Filter>
    </ClCompile>
    <ClCompile Include="Source\Engine\Component\GizmoComponent.cpp">
      <Filter>Source\Engine\Component</Filter>
    </ClCompile>
    <ClCompile Include="Source\Engine\Component\HeightFogComponent.cpp">
      <Filter>Source\Engine\Component</Filter>
    </ClCompile>
    <ClCompile Include="Source\Engine\Component\LineBatchComponent.cpp">
      <Filter>Source\Engine\Component</Filter>
    </ClCompile>
    <ClCompile Include="Source\Engine\Component\MeshComponent.cpp">
      <Filter>Source\Engine\Component</Filter>
    </ClCompile>
    <ClCompile Include="Source\Engine\Component\PrimitiveComponent.cpp">
      <Filter>Source\Engine\Component</Filter>
    </ClCompile>
    <ClCompile Include="Source\Engine\Component\SceneComponent.cpp">
      <Filter>Source\Engine\Component</Filter>
    </ClCompile>
    <ClCompile Include="Source\Engine\Component\SpringArmComponent.cpp">
      <Filter>Source\Engine\Component</Filter>
    </ClCompile>
    <ClCompile Include="Source\Engine\Component\StaticMeshComponent.cpp">
      <Filter>Source\Engine\Component</Filter>
    </ClCompile>
    <ClCompile Include="Source\Engine\Component\SoundComponent.cpp">
      <Filter>Source\Engine\Component</Filter>
    </ClCompile>
    <ClCompile Include="Source\Engine\Component\SubUVComponent.cpp">
      <Filter>Source\Engine\Component</Filter>
    </ClCompile>
    <ClCompile Include="Source\Engine\Component\TextRenderComponent.cpp">
      <Filter>Source\Engine\Component</Filter>
    </ClCompile>
    <ClCompile Include="Source\Engine\Component\Movement\InterpToMovementComponent.cpp">
      <Filter>Source\Engine\Component\Movement</Filter>
    </ClCompile>
    <ClCompile Include="Source\Engine\Component\Movement\MovementComponent.cpp">
      <Filter>Source\Engine\Component\Movement</Filter>
    </ClCompile>
    <ClCompile Include="Source\Engine\Component\Movement\ProjectileMovementComponent.cpp">
      <Filter>Source\Engine\Component\Movement</Filter>
    </ClCompile>
    <ClCompile Include="Source\Engine\Component\Movement\PursuitMovementComponent.cpp">
      <Filter>Source\Engine\Component\Movement</Filter>
    </ClCompile>
    <ClCompile Include="Source\Engine\Component\Movement\RotatingMovementComponent.cpp">
      <Filter>Source\Engine\Component\Movement</Filter>
    </ClCompile>
    <ClCompile Include="Source\Engine\Component\PostProcess\Light\AmbientLightComponent.cpp">
      <Filter>Source\Engine\Component\PostProcess\Light</Filter>
    </ClCompile>
    <ClCompile Include="Source\Engine\Component\PostProcess\Light\DirectionalLightComponent.cpp">
      <Filter>Source\Engine\Component\PostProcess\Light</Filter>
    </ClCompile>
    <ClCompile Include="Source\Engine\Component\PostProcess\Light\LightComponent.cpp">
      <Filter>Source\Engine\Component\PostProcess\Light</Filter>
    </ClCompile>
    <ClCompile Include="Source\Engine\Component\PostProcess\Light\LightComponentBase.cpp">
      <Filter>Source\Engine\Component\PostProcess\Light</Filter>
    </ClCompile>
    <ClCompile Include="Source\Engine\Component\PostProcess\Light\PointLightComponent.cpp">
      <Filter>Source\Engine\Component\PostProcess\Light</Filter>
    </ClCompile>
    <ClCompile Include="Source\Engine\Component\PostProcess\Light\SpotlightComponent.cpp">
      <Filter>Source\Engine\Component\PostProcess\Light</Filter>
    </ClCompile>
    <ClCompile Include="Source\Engine\Core\AtlasResourceCache.cpp">
      <Filter>Source\Engine\Core</Filter>
    </ClCompile>
    <ClCompile Include="Source\Engine\Core\AssetPathPolicy.cpp">
      <Filter>Source\Engine\Core</Filter>
    </ClCompile>
    <ClCompile Include="Source\Engine\Core\CrashDump.cpp">
      <Filter>Source\Engine\Core</Filter>
    </ClCompile>
    <ClCompile Include="Source\Engine\Core\CurveResourceCache.cpp">
      <Filter>Source\Engine\Core</Filter>
    </ClCompile>
    <ClCompile Include="Source\Engine\Core\EngineTypes.cpp">
      <Filter>Source\Engine\Core</Filter>
    </ClCompile>
    <ClCompile Include="Source\Engine\Core\Guid.cpp">
      <Filter>Source\Engine\Core</Filter>
    </ClCompile>
    <ClCompile Include="Source\Engine\Core\FbxMaterialLoadService.cpp">
      <Filter>Source\Engine\Core</Filter>
    </ClCompile>
    <ClCompile Include="Source\Engine\Core\ImportedMaterialPolicy.cpp">
      <Filter>Source\Engine\Core</Filter>
    </ClCompile>
    <ClCompile Include="Source\Engine\Core\MaterialLoadService.cpp">
      <Filter>Source\Engine\Core</Filter>
    </ClCompile>
    <ClCompile Include="Source\Engine\Core\MaterialResourceCache.cpp">
      <Filter>Source\Engine\Core</Filter>
    </ClCompile>
    <ClCompile Include="Source\Engine\Core\MaterialSerializationService.cpp">
      <Filter>Source\Engine\Core</Filter>
    </ClCompile>
    <ClCompile Include="Source\Engine\Core\Paths.cpp">
      <Filter>Source\Engine\Core</Filter>
    </ClCompile>
    <ClCompile Include="Source\Engine\Core\PlatformTime.cpp">
      <Filter>Source\Engine\Core</Filter>
    </ClCompile>
    <ClCompile Include="Source\Engine\Core\ResourceManager.cpp">
      <Filter>Source\Engine\Core</Filter>
    </ClCompile>
    <ClCompile Include="Source\Engine\Core\ResourceMemoryReporter.cpp">
      <Filter>Source\Engine\Core</Filter>
    </ClCompile>
    <ClCompile Include="Source\Engine\Core\RenderStateResourceCache.cpp">
      <Filter>Source\Engine\Core</Filter>
    </ClCompile>
    <ClCompile Include="Source\Engine\Core\ShaderResourceCache.cpp">
      <Filter>Source\Engine\Core</Filter>
    </ClCompile>
    <ClCompile Include="Source\Engine\Core\SkeletalMeshLoadService.cpp">
      <Filter>Source\Engine\Core</Filter>
    </ClCompile>
    <ClCompile Include="Source\Engine\Core\StaticMeshLoadService.cpp">
      <Filter>Source\Engine\Core</Filter>
    </ClCompile>
    <ClCompile Include="Source\Engine\Core\StaticMeshResourceCache.cpp">
      <Filter>Source\Engine\Core</Filter>
    </ClCompile>
    <ClCompile Include="Source\Engine\Core\TextureAssetMetaService.cpp">
      <Filter>Source\Engine\Core</Filter>
    </ClCompile>
    <ClCompile Include="Source\Engine\Core\TextureResourceCache.cpp">
      <Filter>Source\Engine\Core</Filter>
    </ClCompile>
    <ClCompile Include="Source\Engine\Core\Logging\GPUProfiler.cpp">
      <Filter>Source\Engine\Core\Logging</Filter>
    </ClCompile>
    <ClCompile Include="Source\Engine\Core\Logging\Log.cpp">
      <Filter>Source\Engine\Core\Logging</Filter>
    </ClCompile>
    <ClCompile Include="Source\Engine\Core\Logging\Stats.cpp">
      <Filter>Source\Engine\Core\Logging</Filter>
    </ClCompile>
    <ClCompile Include="Source\Engine\Core\Logging\Timer.cpp">
      <Filter>Source\Engine\Core\Logging</Filter>
    </ClCompile>
    <ClCompile Include="Source\Engine\GameFramework\AActor.cpp">
      <Filter>Source\Engine\GameFramework</Filter>
    </ClCompile>
    <ClCompile Include="Source\Engine\GameFramework\DefaultPawn.cpp">
      <Filter>Source\Engine\GameFramework</Filter>
    </ClCompile>
    <ClCompile Include="Source\Engine\GameFramework\GameModeBase.cpp">
      <Filter>Source\Engine\GameFramework</Filter>
    </ClCompile>
    <ClCompile Include="Source\Engine\GameFramework\Level.cpp">
      <Filter>Source\Engine\GameFramework</Filter>
    </ClCompile>
    <ClCompile Include="Source\Engine\GameFramework\Pawn.cpp">
      <Filter>Source\Engine\GameFramework</Filter>
    </ClCompile>
    <ClCompile Include="Source\Engine\GameFramework\PlayerController.cpp">
      <Filter>Source\Engine\GameFramework</Filter>
    </ClCompile>
    <ClCompile Include="Source\Engine\GameFramework\PrimitiveActors.cpp">
      <Filter>Source\Engine\GameFramework</Filter>
    </ClCompile>
    <ClCompile Include="Source\Engine\GameFramework\World.cpp">
      <Filter>Source\Engine\GameFramework</Filter>
    </ClCompile>
    <ClCompile Include="Source\Engine\Geometry\AABB.cpp">
      <Filter>Source\Engine\Geometry</Filter>
    </ClCompile>
    <ClCompile Include="Source\Engine\Geometry\Frustum.cpp">
      <Filter>Source\Engine\Geometry</Filter>
    </ClCompile>
    <ClCompile Include="Source\Engine\Geometry\OBB.cpp">
      <Filter>Source\Engine\Geometry</Filter>
    </ClCompile>
    <ClCompile Include="Source\Engine\Geometry\Plane.cpp">
      <Filter>Source\Engine\Geometry</Filter>
    </ClCompile>
    <ClCompile Include="Source\Engine\Geometry\Transform.cpp">
      <Filter>Source\Engine\Geometry</Filter>
    </ClCompile>
    <ClCompile Include="Source\Engine\Input\InputRouter.cpp">
      <Filter>Source\Engine\Input</Filter>
    </ClCompile>
    <ClCompile Include="Source\Engine\Input\GameplayInputTypes.cpp">
      <Filter>Source\Engine\Input</Filter>
    </ClCompile>
    <ClCompile Include="Source\Engine\Input\InputSystem.cpp">
      <Filter>Source\Engine\Input</Filter>
    </ClCompile>
    <ClCompile Include="Source\Editor\Input\BaseEditorController.cpp">
      <Filter>Source\Editor\Input</Filter>
    </ClCompile>
    <ClCompile Include="Source\Editor\Input\EditorInputRouter.cpp">
      <Filter>Source\Editor\Input</Filter>
    </ClCompile>
    <ClCompile Include="Source\Editor\Input\EditorWorldController.cpp">
      <Filter>Source\Editor\Input</Filter>
    </ClCompile>
    <ClCompile Include="Source\Engine\Math\Color.cpp">
      <Filter>Source\Engine\Math</Filter>
    </ClCompile>
    <ClCompile Include="Source\Engine\Math\Matrix.cpp">
      <Filter>Source\Engine\Math</Filter>
    </ClCompile>
    <ClCompile Include="Source\Engine\Math\Quat.cpp">
      <Filter>Source\Engine\Math</Filter>
    </ClCompile>
    <ClCompile Include="Source\Engine\Math\Rotator.cpp">
      <Filter>Source\Engine\Math</Filter>
    </ClCompile>
    <ClCompile Include="Source\Engine\Math\Vector.cpp">
      <Filter>Source\Engine\Math</Filter>
    </ClCompile>
    <ClCompile Include="Source\Engine\Math\Vector2.cpp">
      <Filter>Source\Engine\Math</Filter>
    </ClCompile>
    <ClCompile Include="Source\Engine\Math\Vector4.cpp">
      <Filter>Source\Engine\Math</Filter>
    </ClCompile>
    <ClCompile Include="Source\Engine\Object\EngineStatics.cpp">
      <Filter>Source\Engine\Object</Filter>
    </ClCompile>
    <ClCompile Include="Source\Engine\Object\FName.cpp">
      <Filter>Source\Engine\Object</Filter>
    </ClCompile>
    <ClCompile Include="Source\Engine\Object\Object.cpp">
      <Filter>Source\Engine\Object</Filter>
    </ClCompile>
    <ClCompile Include="Source\Engine\Render\FontBatcher.cpp">
      <Filter>Source\Engine\Render</Filter>
    </ClCompile>
    <ClCompile Include="Source\Engine\Render\LineBatcher.cpp">
      <Filter>Source\Engine\Render</Filter>
    </ClCompile>
    <ClCompile Include="Source\Engine\Render\SubUVBatcher.cpp">
      <Filter>Source\Engine\Render</Filter>
    </ClCompile>
    <ClCompile Include="Source\Engine\Render\Device\D3DDevice.cpp">
      <Filter>Source\Engine\Render\Device</Filter>
    </ClCompile>
    <ClCompile Include="Source\Engine\Render\Mesh\MeshManager.cpp">
      <Filter>Source\Engine\Render\Mesh</Filter>
    </ClCompile>
    <ClCompile Include="Source\Engine\Render\Renderer\DefaultRenderPipeline.cpp">
      <Filter>Source\Engine\Render\Renderer</Filter>
    </ClCompile>
    <ClCompile Include="Source\Engine\Render\Renderer\Renderer.cpp">
      <Filter>Source\Engine\Render\Renderer</Filter>
    </ClCompile>
    <ClCompile Include="Source\Engine\Render\Renderer\RenderFlow\DecalRenderPass.cpp">
      <Filter>Source\Engine\Render\Renderer\RenderFlow</Filter>
    </ClCompile>
    <ClCompile Include="Source\Engine\Render\Renderer\RenderFlow\DepthLessRenderPass.cpp">
      <Filter>Source\Engine\Render\Renderer\RenderFlow</Filter>
    </ClCompile>
    <ClCompile Include="Source\Engine\Render\Renderer\RenderFlow\DepthPrePass.cpp">
      <Filter>Source\Engine\Render\Renderer\RenderFlow</Filter>
    </ClCompile>
    <ClCompile Include="Source\Engine\Render\Renderer\RenderFlow\EditorRenderPass.cpp">
      <Filter>Source\Engine\Render\Renderer\RenderFlow</Filter>
    </ClCompile>
    <ClCompile Include="Source\Engine\Render\Renderer\RenderFlow\EditorOverlayRenderPass.cpp">
      <Filter>Source\Engine\Render\Renderer\RenderFlow</Filter>
    </ClCompile>
    <ClCompile Include="Source\Engine\Render\Renderer\RenderFlow\FXAARenderPass.cpp">
      <Filter>Source\Engine\Render\Renderer\RenderFlow</Filter>
    </ClCompile>
    <ClCompile Include="Source\Engine\Render\Renderer\RenderFlow\FogRenderPass.cpp">
      <Filter>Source\Engine\Render\Renderer\RenderFlow</Filter>
    </ClCompile>
    <ClCompile Include="Source\Engine\Render\Renderer\RenderFlow\FontRenderPass.cpp">
      <Filter>Source\Engine\Render\Renderer\RenderFlow</Filter>
    </ClCompile>
    <ClCompile Include="Source\Engine\Render\Renderer\RenderFlow\GridRenderPass.cpp">
      <Filter>Source\Engine\Render\Renderer\RenderFlow</Filter>
    </ClCompile>
    <ClCompile Include="Source\Engine\Render\Renderer\RenderFlow\LightCullingPass.cpp">
      <Filter>Source\Engine\Render\Renderer\RenderFlow</Filter>
    </ClCompile>
    <ClCompile Include="Source\Engine\Render\Renderer\RenderFlow\LightRenderPass.cpp">
      <Filter>Source\Engine\Render\Renderer\RenderFlow</Filter>
    </ClCompile>
    <ClCompile Include="Source\Engine\Render\Renderer\RenderFlow\OpaqueRenderPass.cpp">
      <Filter>Source\Engine\Render\Renderer\RenderFlow</Filter>
    </ClCompile>
    <ClCompile Include="Source\Engine\Render\Renderer\RenderFlow\PostProcessOutlineRenderPass.cpp">
      <Filter>Source\Engine\Render\Renderer\RenderFlow</Filter>
    </ClCompile>
    <ClCompile Include="Source\Engine\Render\Renderer\RenderFlow\RenderPass.cpp">
      <Filter>Source\Engine\Render\Renderer\RenderFlow</Filter>
    </ClCompile>
    <ClCompile Include="Source\Engine\Render\Renderer\RenderFlow\RenderPassContext.cpp">
      <Filter>Source\Engine\Render\Renderer\RenderFlow</Filter>
    </ClCompile>
    <ClCompile Include="Source\Engine\Render\Renderer\RenderFlow\RenderPipeline.cpp">
      <Filter>Source\Engine\Render\Renderer\RenderFlow</Filter>
    </ClCompile>
    <ClCompile Include="Source\Engine\Render\Renderer\RenderFlow\SelectionMaskRenderPass.cpp">
      <Filter>Source\Engine\Render\Renderer\RenderFlow</Filter>
    </ClCompile>
    <ClCompile Include="Source\Engine\Render\Renderer\RenderFlow\ShadowPass.cpp">
      <Filter>Source\Engine\Render\Renderer\RenderFlow</Filter>
    </ClCompile>
    <ClCompile Include="Source\Engine\Render\Renderer\RenderFlow\SubUVRenderPass.cpp">
      <Filter>Source\Engine\Render\Renderer\RenderFlow</Filter>
    </ClCompile>
    <ClCompile Include="Source\Engine\Render\Renderer\RenderFlow\TranslucentRenderPass.cpp">
      <Filter>Source\Engine\Render\Renderer\RenderFlow</Filter>
    </ClCompile>
    <ClCompile Include="Source\Engine\Render\Renderer\RenderFlow\VSMConversionRenderPass.cpp">
      <Filter>Source\Engine\Render\Renderer\RenderFlow</Filter>
    </ClCompile>
    <ClCompile Include="Source\Engine\Render\Renderer\RenderTarget\DepthStencilBuilder.cpp">
      <Filter>Source\Engine\Render\Renderer\RenderTarget</Filter>
    </ClCompile>
    <ClCompile Include="Source\Engine\Render\Renderer\RenderTarget\DepthStencilFactory.cpp">
      <Filter>Source\Engine\Render\Renderer\RenderTarget</Filter>
    </ClCompile>
    <ClCompile Include="Source\Engine\Render\Renderer\RenderTarget\DepthStencilResource.cpp">
      <Filter>Source\Engine\Render\Renderer\RenderTarget</Filter>
    </ClCompile>
    <ClCompile Include="Source\Engine\Render\Renderer\RenderTarget\RenderTarget.cpp">
      <Filter>Source\Engine\Render\Renderer\RenderTarget</Filter>
    </ClCompile>
    <ClCompile Include="Source\Engine\Render\Renderer\RenderTarget\RenderTargetBuilder.cpp">
      <Filter>Source\Engine\Render\Renderer\RenderTarget</Filter>
    </ClCompile>
    <ClCompile Include="Source\Engine\Render\Renderer\RenderTarget\RenderTargetFactory.cpp">
      <Filter>Source\Engine\Render\Renderer\RenderTarget</Filter>
    </ClCompile>
    <ClCompile Include="Source\Engine\Render\Resource\Buffer.cpp">
      <Filter>Source\Engine\Render\Resource</Filter>
    </ClCompile>
    <ClCompile Include="Source\Engine\Render\Resource\ComputeShader.cpp">
      <Filter>Source\Engine\Render\Resource</Filter>
    </ClCompile>
    <ClCompile Include="Source\Engine\Render\Resource\Material.cpp">
      <Filter>Source\Engine\Render\Resource</Filter>
    </ClCompile>
    <ClCompile Include="Source\Engine\Render\Resource\FbxMaterialLoader.cpp">
      <Filter>Source\Engine\Render\Resource</Filter>
    </ClCompile>
    <ClCompile Include="Source\Engine\Render\Resource\MeshBufferManager.cpp">
      <Filter>Source\Engine\Render\Resource</Filter>
    </ClCompile>
    <ClCompile Include="Source\Engine\Render\Resource\ObjMtlLoader.cpp">
      <Filter>Source\Engine\Render\Resource</Filter>
    </ClCompile>
    <ClCompile Include="Source\Engine\Render\Resource\ShaderCompiler.cpp">
      <Filter>Source\Engine\Render\Resource</Filter>
    </ClCompile>
    <ClCompile Include="Source\Engine\Render\Resource\ShaderHelper.cpp">
      <Filter>Source\Engine\Render\Resource</Filter>
    </ClCompile>
    <ClCompile Include="Source\Engine\Render\Resource\ShadowAtlasManager.cpp">
      <Filter>Source\Engine\Render\Resource</Filter>
    </ClCompile>
    <ClCompile Include="Source\Engine\Render\Resource\Texture.cpp">
      <Filter>Source\Engine\Render\Resource</Filter>
    </ClCompile>
    <ClCompile Include="Source\Engine\Render\Scene\RenderBus.cpp">
      <Filter>Source\Engine\Render\Scene</Filter>
    </ClCompile>
    <ClCompile Include="Source\Engine\Render\Scene\DecalCommandBuilder.cpp">
      <Filter>Source\Engine\Render\Scene</Filter>
    </ClCompile>
    <ClCompile Include="Source\Engine\Render\Scene\EditorOverlayCollector.cpp">
      <Filter>Source\Engine\Render\Scene</Filter>
    </ClCompile>
    <ClCompile Include="Source\Engine\Render\Scene\LightRenderCollector.cpp">
      <Filter>Source\Engine\Render\Scene</Filter>
    </ClCompile>
    <ClCompile Include="Source\Engine\Render\Scene\PrimitiveDrawCommandBuilder.cpp">
      <Filter>Source\Engine\Render\Scene</Filter>
    </ClCompile>
    <ClCompile Include="Source\Engine\Render\Scene\RenderCollector.cpp">
      <Filter>Source\Engine\Render\Scene</Filter>
    </ClCompile>
    <ClCompile Include="Source\Engine\Runtime\Engine.cpp">
      <Filter>Source\Engine\Runtime</Filter>
    </ClCompile>
    <ClCompile Include="Source\Engine\Runtime\EngineLoop.cpp">
      <Filter>Source\Engine\Runtime</Filter>
    </ClCompile>
    <ClCompile Include="Source\Engine\Runtime\GameEngine.cpp">
      <Filter>Source\Engine\Runtime</Filter>
    </ClCompile>
    <ClCompile Include="Source\Engine\Runtime\Launch.cpp">
      <Filter>Source\Engine\Runtime</Filter>
    </ClCompile>
    <ClCompile Include="Source\Launch\LaunchModeFactory.cpp">
      <Filter>Source\Launch</Filter>
    </ClCompile>
    <ClCompile Include="Source\Engine\Runtime\ViewportClient.cpp">
      <Filter>Source\Engine\Runtime</Filter>
    </ClCompile>
    <ClCompile Include="Source\Engine\Runtime\WindowsApplication.cpp">
      <Filter>Source\Engine\Runtime</Filter>
    </ClCompile>
    <ClCompile Include="Source\Engine\Runtime\WindowsFileWatcher.cpp">
      <Filter>Source\Engine\Runtime</Filter>
    </ClCompile>
    <ClCompile Include="Source\Engine\Runtime\WindowsPlatformTime.cpp">
      <Filter>Source\Engine\Runtime</Filter>
    </ClCompile>
    <ClCompile Include="Source\Engine\Runtime\WindowsWindow.cpp">
      <Filter>Source\Engine\Runtime</Filter>
    </ClCompile>
    <ClCompile Include="Source\Engine\Serialization\ActorSerialization.cpp">
      <Filter>Source\Engine\Serialization</Filter>
    </ClCompile>
    <ClCompile Include="Source\Engine\Serialization\JsonReader.cpp">
      <Filter>Source\Engine\Serialization</Filter>
    </ClCompile>
    <ClCompile Include="Source\Engine\Serialization\JsonWriter.cpp">
      <Filter>Source\Engine\Serialization</Filter>
    </ClCompile>
    <ClCompile Include="Source\Engine\Serialization\PrefabManager.cpp">
      <Filter>Source\Engine\Serialization</Filter>
    </ClCompile>
    <ClCompile Include="Source\Engine\Serialization\SceneSaveManager.cpp">
      <Filter>Source\Engine\Serialization</Filter>
    </ClCompile>
    <ClCompile Include="Source\Engine\Slate\SSplitter.cpp">
      <Filter>Source\Engine\Slate</Filter>
    </ClCompile>
    <ClCompile Include="Source\Engine\Slate\SSplitterCross.cpp">
      <Filter>Source\Engine\Slate</Filter>
    </ClCompile>
    <ClCompile Include="Source\Engine\Slate\SSplitterH.cpp">
      <Filter>Source\Engine\Slate</Filter>
    </ClCompile>
    <ClCompile Include="Source\Engine\Slate\SSplitterV.cpp">
      <Filter>Source\Engine\Slate</Filter>
    </ClCompile>
    <ClCompile Include="Source\Engine\Slate\SViewport.cpp">
      <Filter>Source\Engine\Slate</Filter>
    </ClCompile>
    <ClCompile Include="Source\Engine\Slate\SWidget.cpp">
      <Filter>Source\Engine\Slate</Filter>
    </ClCompile>
    <ClCompile Include="Source\Engine\Slate\SWindow.cpp">
      <Filter>Source\Engine\Slate</Filter>
    </ClCompile>
    <ClCompile Include="Source\Engine\Slate\SlateApplication.cpp">
      <Filter>Source\Engine\Slate</Filter>
    </ClCompile>
    <ClCompile Include="Source\Engine\Spatial\BVH.cpp">
      <Filter>Source\Engine\Spatial</Filter>
    </ClCompile>
    <ClCompile Include="Source\Engine\Spatial\KDTree.cpp">
      <Filter>Source\Engine\Spatial</Filter>
    </ClCompile>
    <ClCompile Include="Source\Engine\Spatial\WorldSpatialIndex.cpp">
      <Filter>Source\Engine\Spatial</Filter>
    </ClCompile>
    <ClCompile Include="Source\Misc\ObjViewer\ObjViewerEngine.cpp">
      <Filter>Source\Misc\ObjViewer</Filter>
    </ClCompile>
    <ClCompile Include="Source\Misc\ObjViewer\ObjViewerRenderPipeline.cpp">
      <Filter>Source\Misc\ObjViewer</Filter>
    </ClCompile>
    <ClCompile Include="Source\Misc\ObjViewer\Settings\ObjViewerSettings.cpp">
      <Filter>Source\Misc\ObjViewer\Settings</Filter>
    </ClCompile>
    <ClCompile Include="Source\Misc\ObjViewer\UI\ObjViewerControlWidget.cpp">
      <Filter>Source\Misc\ObjViewer\UI</Filter>
    </ClCompile>
    <ClCompile Include="Source\Misc\ObjViewer\UI\ObjViewerMainPanel.cpp">
      <Filter>Source\Misc\ObjViewer\UI</Filter>
    </ClCompile>
    <ClCompile Include="Source\Misc\ObjViewer\UI\ObjViewerMenuBarWIdget.cpp">
      <Filter>Source\Misc\ObjViewer\UI</Filter>
    </ClCompile>
    <ClCompile Include="Source\Misc\ObjViewer\UI\ObjViewerStatWidget.cpp">
      <Filter>Source\Misc\ObjViewer\UI</Filter>
    </ClCompile>
    <ClCompile Include="Source\Misc\ObjViewer\Viewport\ObjViewerViewportClient.cpp">
      <Filter>Source\Misc\ObjViewer\Viewport</Filter>
    </ClCompile>
    <ClCompile Include="ThirdParty\ImGui\imgui.cpp">
      <Filter>ThirdParty\ImGui</Filter>
    </ClCompile>
    <ClCompile Include="ThirdParty\ImGui\imgui_demo.cpp">
      <Filter>ThirdParty\ImGui</Filter>
    </ClCompile>
    <ClCompile Include="ThirdParty\ImGui\imgui_draw.cpp">
      <Filter>ThirdParty\ImGui</Filter>
    </ClCompile>
    <ClCompile Include="ThirdParty\ImGui\imgui_impl_dx11.cpp">
      <Filter>ThirdParty\ImGui</Filter>
    </ClCompile>
    <ClCompile Include="ThirdParty\ImGui\imgui_impl_win32.cpp">
      <Filter>ThirdParty\ImGui</Filter>
    </ClCompile>
    <ClCompile Include="ThirdParty\ImGui\imgui_tables.cpp">
      <Filter>ThirdParty\ImGui</Filter>
    </ClCompile>
    <ClCompile Include="ThirdParty\ImGui\imgui_widgets.cpp">
      <Filter>ThirdParty\ImGui</Filter>
    </ClCompile>
    <ClCompile Include="main.cpp" />
    <ClCompile Include="Source\Engine\Render\Resource\ShaderCompiler.cpp" />
    <ClCompile Include="Source\Engine\Render\Resource\ShaderHelper.cpp" />
    <ClCompile Include="Source\Engine\Runtime\WindowsFileWatcher.cpp" />
    <ClCompile Include="Source\Engine\Render\Renderer\RenderFlow\ShadowPass.cpp" />
    <ClCompile Include="Source\Engine\Render\Resource\ShadowAtlasManager.cpp" />
    <ClCompile Include="Source\Engine\Render\Renderer\RenderFlow\VSMConversionRenderPass.cpp" />
    <ClCompile Include="Source\Engine\Core\Delegates\Delegate.cpp" />
    <ClCompile Include="Source\Engine\Runtime\Script\ScriptComponent.cpp" />
    <ClCompile Include="Source\Engine\Runtime\Script\CoroutineScheduler.cpp" />
    <ClCompile Include="Source\Engine\Runtime\Script\ScriptManager.cpp" />
    <ClCompile Include="Source\Engine\Runtime\Script\ScriptManagerActorBindings.cpp" />
    <ClCompile Include="Source\Engine\Runtime\Script\ScriptManagerAnimationBindings.cpp" />
    <ClCompile Include="Source\Engine\Runtime\Script\ScriptManagerComponentBindings.cpp" />
    <ClCompile Include="Source\Engine\Runtime\Script\ScriptManagerEngineBindings.cpp" />
    <ClCompile Include="Source\Engine\Runtime\Script\ScriptManagerMathBindings.cpp" />
    <ClCompile Include="Source\Engine\Runtime\Script\API\LuaApplicationAPI.cpp" />
    <ClCompile Include="Source\Engine\Runtime\Script\API\LuaAudioAPI.cpp" />
    <ClCompile Include="Source\Engine\Runtime\Script\API\LuaAssetAPI.cpp" />
    <ClCompile Include="Source\Engine\Runtime\Script\API\LuaDebugAPI.cpp" />
    <ClCompile Include="Source\Engine\Runtime\Script\API\LuaEffectAPI.cpp" />
    <ClCompile Include="Source\Engine\Runtime\Script\API\LuaInputAPI.cpp" />
    <ClCompile Include="Source\Engine\Runtime\Script\API\LuaJsonAPI.cpp" />
    <ClCompile Include="Source\Engine\Runtime\Script\API\LuaRandomAPI.cpp" />
    <ClCompile Include="Source\Engine\Runtime\Script\API\LuaSceneAPI.cpp" />
    <ClCompile Include="Source\Engine\Runtime\Script\API\LuaSaveAPI.cpp" />
    <ClCompile Include="Source\Engine\Runtime\Script\API\LuaUIAPI.cpp" />
    <ClCompile Include="Source\Engine\Runtime\Script\API\LuaWorldAPI.cpp" />
    <ClCompile Include="Source\Engine\Runtime\GameSplashScreen.cpp" />
    <ClCompile Include="Source\Engine\Collision\Collision.cpp" />
    <ClCompile Include="Source\Engine\Component\ShapeComponent.cpp" />
    <ClCompile Include="Source\Engine\Component\BoxComponent.cpp" />
    <ClCompile Include="Source\Engine\Component\CapsuleComponent.cpp" />
    <ClCompile Include="Source\Engine\Component\SphereComponent.cpp" />
    <ClCompile Include="Source\Engine\Component\ProceduralMeshComponent.cpp" />
    <ClCompile Include="Source\Editor\Input\GameInputBridge.cpp">
      <Filter>Source\Editor\Input</Filter>
    </ClCompile>
    <ClCompile Include="Source\Engine\Camera\CameraModifier.cpp" />
    <ClCompile Include="Source\Engine\Camera\PlayerCameraManager.cpp" />
    <ClCompile Include="Source\Engine\Render\Renderer\RenderFlow\SandervistanRenderPass.cpp" />
    <ClCompile Include="Source\Engine\UI\RmlUi\RmlUiRenderInterfaceD3D11.cpp" />
    <ClCompile Include="Source\Engine\UI\RmlUi\RmlUiRuntimeModule.cpp" />
    <ClCompile Include="Source\Engine\Camera\CameraModifier_CameraShake.cpp" />
    <ClCompile Include="Source\Engine\Camera\CameraShakeBase.cpp" />
    <ClCompile Include="Source\Engine\Camera\ShakePattern\SinusoidalCameraShakePattern.cpp" />
    <ClCompile Include="Source\Engine\Camera\ShakePattern\SequenceCameraShakePattern.cpp" />
    <ClCompile Include="Source\Engine\Render\Renderer\RenderFlow\PostProcessRenderPass.cpp" />
    <ClCompile Include="Source\Editor\UI\EditorViewerWindowWidget.cpp" />
    <ClCompile Include="Source\Engine\Asset\SkeletalMesh.cpp" />
    <ClCompile Include="Source\Engine\Component\SkeletalMeshComponent.cpp" />
    <ClCompile Include="Source\Engine\Component\SkinnedMeshComponent.cpp" />
    <ClCompile Include="Source\Editor\Viewer\EditorViewer.cpp" />
    <ClCompile Include="Source\Editor\Viewport\SkeletalMeshViewportClient.cpp" />
  </ItemGroup>
  <ItemGroup>
    <ClInclude Include="Source\Engine\Audio\AudioSystem.h">
      <Filter>Source\Engine\Audio</Filter>
    </ClInclude>
    <ClInclude Include="Source\Editor\EditorEngine.h">
      <Filter>Source\Editor</Filter>
    </ClInclude>
    <ClInclude Include="Source\Editor\EditorRenderPipeline.h">
      <Filter>Source\Editor</Filter>
    </ClInclude>
    <ClInclude Include="Source\Editor\PIE\PIESession.h">
      <Filter>Source\Editor\PIE</Filter>
    </ClInclude>
    <ClInclude Include="Source\Editor\Asset\EditorAssetService.h">
      <Filter>Source\Editor\Asset</Filter>
    </ClInclude>
    <ClInclude Include="Source\Editor\Command\EditorCommandSystem.h">
      <Filter>Source\Editor\Command</Filter>
    </ClInclude>
    <ClInclude Include="Source\Editor\Notification\EditorNotificationService.h">
      <Filter>Source\Editor\Notification</Filter>
    </ClInclude>
    <ClInclude Include="Source\Editor\Scene\EditorSceneService.h">
      <Filter>Source\Editor\Scene</Filter>
    </ClInclude>
    <ClInclude Include="Source\Editor\EditorUtils.h">
      <Filter>Source\Editor</Filter>
    </ClInclude>
    <ClInclude Include="Source\Editor\Packaging\GameBuildSettings.h">
      <Filter>Source\Editor\Packaging</Filter>
    </ClInclude>
    <ClInclude Include="Source\Editor\Packaging\GamePackager.h">
      <Filter>Source\Editor\Packaging</Filter>
    </ClInclude>
    <ClInclude Include="Source\Editor\Input\EditorViewportInputContexts.h">
      <Filter>Source\Editor\Input</Filter>
    </ClInclude>
    <ClInclude Include="Source\Editor\Input\EditorViewportInputMapping.h">
      <Filter>Source\Editor\Input</Filter>
    </ClInclude>
    <ClInclude Include="Source\Editor\Input\EditorViewportTools.h">
      <Filter>Source\Editor\Input</Filter>
    </ClInclude>
    <ClInclude Include="Source\Editor\Selection\SelectionManager.h">
      <Filter>Source\Editor\Selection</Filter>
    </ClInclude>
    <ClInclude Include="Source\Editor\Undo\EditorUndoSystem.h">
      <Filter>Source\Editor\Undo</Filter>
    </ClInclude>
    <ClInclude Include="Source\Editor\Settings\EditorSettings.h">
      <Filter>Source\Editor\Settings</Filter>
    </ClInclude>
    <ClInclude Include="Source\Editor\Settings\ProjectSettings.h">
      <Filter>Source\Editor\Settings</Filter>
    </ClInclude>
    <ClInclude Include="Source\Editor\UI\EditorConsoleWidget.h">
      <Filter>Source\Editor\UI</Filter>
    </ClInclude>
    <ClInclude Include="Source\Editor\UI\EditorContentBrowserWidget.h">
      <Filter>Source\Editor\UI</Filter>
    </ClInclude>
    <ClInclude Include="Source\Editor\UI\EditorControlWidget.h">
      <Filter>Source\Editor\UI</Filter>
    </ClInclude>
    <ClInclude Include="Source\Editor\UI\EditorCurveEditorWidget.h">
      <Filter>Source\Editor\UI</Filter>
    </ClInclude>
    <ClInclude Include="Source\Editor\UI\EditorFooterLogSystem.h">
      <Filter>Source\Editor\UI</Filter>
    </ClInclude>
    <ClInclude Include="Source\Editor\UI\EditorMainPanel.h">
      <Filter>Source\Editor\UI</Filter>
    </ClInclude>
    <ClInclude Include="Source\Editor\UI\EditorChromeConstants.h">
      <Filter>Source\Editor\UI</Filter>
    </ClInclude>
    <ClInclude Include="Source\Editor\UI\EditorMainPanelState.h">
      <Filter>Source\Editor\UI</Filter>
    </ClInclude>
    <ClInclude Include="Source\Editor\UI\EditorMainPanelPlacementHelpers.h">
      <Filter>Source\Editor\UI</Filter>
    </ClInclude>
    <ClInclude Include="Source\Editor\UI\EditorMainPanelPackagingHelpers.h">
      <Filter>Source\Editor\UI</Filter>
    </ClInclude>
    <ClInclude Include="Source\Editor\UI\EditorMainPanelViewportToolbarHelpers.h">
      <Filter>Source\Editor\UI</Filter>
    </ClInclude>
    <ClInclude Include="Source\Editor\UI\EditorMainPanelWidgetSet.h">
      <Filter>Source\Editor\UI</Filter>
    </ClInclude>
    <ClInclude Include="Source\Editor\UI\EditorMaterialWidget.h">
      <Filter>Source\Editor\UI</Filter>
    </ClInclude>
    <ClInclude Include="Source\Editor\UI\EditorPlayStreamWidget.h">
      <Filter>Source\Editor\UI</Filter>
    </ClInclude>
    <ClInclude Include="Source\Editor\UI\EditorActorSequenceDetails.h">
      <Filter>Source\Editor\UI</Filter>
    </ClInclude>
    <ClInclude Include="Source\Editor\UI\EditorActorSequenceEditModel.h">
      <Filter>Source\Editor\UI</Filter>
    </ClInclude>
    <ClInclude Include="Source\Editor\UI\EditorActorSequencerWidget.h">
      <Filter>Source\Editor\UI</Filter>
    </ClInclude>
    <ClInclude Include="Source\Editor\UI\EditorPropertyWidget.h">
      <Filter>Source\Editor\UI</Filter>
    </ClInclude>
    <ClInclude Include="Source\Editor\UI\EditorRuntimeUIPreviewWidget.h">
      <Filter>Source\Editor\UI</Filter>
    </ClInclude>
    <ClInclude Include="Source\Editor\UI\EditorSceneWidget.h">
      <Filter>Source\Editor\UI</Filter>
    </ClInclude>
    <ClInclude Include="Source\Editor\UI\EditorStatWidget.h">
      <Filter>Source\Editor\UI</Filter>
    </ClInclude>
    <ClInclude Include="Source\Editor\UI\EditorToolbarWidget.h">
      <Filter>Source\Editor\UI</Filter>
    </ClInclude>
    <ClInclude Include="Source\Editor\UI\EditorCommandContext.h">
      <Filter>Source\Editor\UI</Filter>
    </ClInclude>
    <ClInclude Include="Source\Editor\UI\EditorTabManager.h">
      <Filter>Source\Editor\UI</Filter>
    </ClInclude>
    <ClInclude Include="Source\Editor\UI\EditorViewportOverlayWidget.h">
      <Filter>Source\Editor\UI</Filter>
    </ClInclude>
    <ClInclude Include="Source\Editor\UI\EditorWidget.h">
      <Filter>Source\Editor\UI</Filter>
    </ClInclude>
    <ClInclude Include="Source\Editor\Viewport\CursorOverlayState.h">
      <Filter>Source\Editor\Viewport</Filter>
    </ClInclude>
    <ClInclude Include="Source\Editor\Viewport\EditorBoxSelectionService.h">
      <Filter>Source\Editor\Viewport</Filter>
    </ClInclude>
    <ClInclude Include="Source\Editor\Viewport\EditorViewportNavigationController.h">
      <Filter>Source\Editor\Viewport</Filter>
    </ClInclude>
    <ClInclude Include="Source\Editor\Viewport\EditorViewportClient.h">
      <Filter>Source\Editor\Viewport</Filter>
    </ClInclude>
    <ClInclude Include="Source\Editor\Viewport\EditorViewportPIEController.h">
      <Filter>Source\Editor\Viewport</Filter>
    </ClInclude>
    <ClInclude Include="Source\Editor\Viewport\EditorPickingService.h">
      <Filter>Source\Editor\Viewport</Filter>
    </ClInclude>
    <ClInclude Include="Source\Editor\Viewport\EditorTransformInteraction.h">
      <Filter>Source\Editor\Viewport</Filter>
    </ClInclude>
    <ClInclude Include="Source\Editor\Viewport\FSceneViewport.h">
      <Filter>Source\Editor\Viewport</Filter>
    </ClInclude>
    <ClInclude Include="Source\Editor\Viewport\SEditorViewport.h">
      <Filter>Source\Editor\Viewport</Filter>
    </ClInclude>
    <ClInclude Include="Source\Engine\Camera\ViewportCamera.h">
      <Filter>Source\Engine\Camera</Filter>
    </ClInclude>
    <ClInclude Include="Source\Editor\Viewport\ViewportLayout.h">
      <Filter>Source\Editor\Viewport</Filter>
    </ClInclude>
    <ClInclude Include="Source\Engine\Asset\BinarySerializer.h">
      <Filter>Source\Engine\Asset</Filter>
    </ClInclude>
    <ClInclude Include="Source\Engine\Asset\AssetQueryService.h">
      <Filter>Source\Engine\Asset</Filter>
    </ClInclude>
    <ClInclude Include="Source\Engine\Asset\CurveAssetLoader.h">
      <Filter>Source\Engine\Asset</Filter>
    </ClInclude>
    <ClInclude Include="Source\Engine\Asset\CurveFloatAsset.h">
      <Filter>Source\Engine\Asset</Filter>
    </ClInclude>
    <ClInclude Include="Source\Engine\Asset\FileUtils.h">
      <Filter>Source\Engine\Asset</Filter>
    </ClInclude>
    <ClInclude Include="Source\Engine\Asset\FontAtlasLoader.h">
      <Filter>Source\Engine\Asset</Filter>
    </ClInclude>
    <ClInclude Include="Source\Engine\Asset\FbxImporter.h">
      <Filter>Source\Engine\Asset</Filter>
    </ClInclude>
    <ClInclude Include="Source\Engine\Asset\IAssetLoader.h">
      <Filter>Source\Engine\Asset</Filter>
    </ClInclude>
    <ClInclude Include="Source\Engine\Asset\ObjLoader.h">
      <Filter>Source\Engine\Asset</Filter>
    </ClInclude>
    <ClInclude Include="Source\Engine\Asset\ObjRawTypes.h">
      <Filter>Source\Engine\Asset</Filter>
    </ClInclude>
    <ClInclude Include="Source\Engine\Asset\ParticleAtlasLoader.h">
      <Filter>Source\Engine\Asset</Filter>
    </ClInclude>
    <ClInclude Include="Source\Engine\Asset\StaticMesh.h">
      <Filter>Source\Engine\Asset</Filter>
    </ClInclude>
    <ClInclude Include="Source\Engine\Asset\StaticMeshSimplifier.h">
      <Filter>Source\Engine\Asset</Filter>
    </ClInclude>
    <ClInclude Include="Source\Engine\Asset\StaticMeshTypes.h">
      <Filter>Source\Engine\Asset</Filter>
    </ClInclude>
    <ClInclude Include="Source\Engine\Animation\CurvePlayback.h">
      <Filter>Source\Engine\Animation</Filter>
    </ClInclude>
    <ClInclude Include="Source\Engine\Animation\ActorSequence.h">
      <Filter>Source\Engine\Animation</Filter>
    </ClInclude>
    <ClInclude Include="Source\Engine\Animation\TimelinePlayer.h">
      <Filter>Source\Engine\Animation</Filter>
    </ClInclude>
    <ClInclude Include="Source\Engine\Collision\RayCollision\RayCollision.h">
      <Filter>Source\Engine\Collision\RayCollision</Filter>
    </ClInclude>
    <ClInclude Include="Source\Engine\Component\ActorComponent.h">
      <Filter>Source\Engine\Component</Filter>
    </ClInclude>
    <ClInclude Include="Source\Engine\Component\ActorSequenceComponent.h">
      <Filter>Source\Engine\Component</Filter>
    </ClInclude>
    <ClInclude Include="Source\Engine\Component\BillboardComponent.h">
      <Filter>Source\Engine\Component</Filter>
    </ClInclude>
    <ClInclude Include="Source\Engine\Component\CameraComponent.h">
      <Filter>Source\Engine\Component</Filter>
    </ClInclude>
    <ClInclude Include="Source\Engine\Component\DecalComponent.h">
      <Filter>Source\Engine\Component</Filter>
    </ClInclude>
    <ClInclude Include="Source\Engine\Component\FireballComponent.h">
      <Filter>Source\Engine\Component</Filter>
    </ClInclude>
    <ClInclude Include="Source\Engine\Component\GizmoComponent.h">
      <Filter>Source\Engine\Component</Filter>
    </ClInclude>
    <ClInclude Include="Source\Engine\Component\HeightFogComponent.h">
      <Filter>Source\Engine\Component</Filter>
    </ClInclude>
    <ClInclude Include="Source\Engine\Component\LineBatchComponent.h">
      <Filter>Source\Engine\Component</Filter>
    </ClInclude>
    <ClInclude Include="Source\Engine\Component\MeshComponent.h">
      <Filter>Source\Engine\Component</Filter>
    </ClInclude>
    <ClInclude Include="Source\Engine\Component\PrimitiveComponent.h">
      <Filter>Source\Engine\Component</Filter>
    </ClInclude>
    <ClInclude Include="Source\Engine\Component\SceneComponent.h">
      <Filter>Source\Engine\Component</Filter>
    </ClInclude>
    <ClInclude Include="Source\Engine\Component\SpringArmComponent.h">
      <Filter>Source\Engine\Component</Filter>
    </ClInclude>
    <ClInclude Include="Source\Engine\Component\StaticMeshComponent.h">
      <Filter>Source\Engine\Component</Filter>
    </ClInclude>
    <ClInclude Include="Source\Engine\Component\SoundComponent.h">
      <Filter>Source\Engine\Component</Filter>
    </ClInclude>
    <ClInclude Include="Source\Engine\Component\SubUVComponent.h">
      <Filter>Source\Engine\Component</Filter>
    </ClInclude>
    <ClInclude Include="Source\Engine\Component\TextRenderComponent.h">
      <Filter>Source\Engine\Component</Filter>
    </ClInclude>
    <ClInclude Include="Source\Engine\Component\Movement\InterpToMovementComponent.h">
      <Filter>Source\Engine\Component\Movement</Filter>
    </ClInclude>
    <ClInclude Include="Source\Engine\Component\Movement\MovementComponent.h">
      <Filter>Source\Engine\Component\Movement</Filter>
    </ClInclude>
    <ClInclude Include="Source\Engine\Component\Movement\ProjectileMovementComponent.h">
      <Filter>Source\Engine\Component\Movement</Filter>
    </ClInclude>
    <ClInclude Include="Source\Engine\Component\Movement\PursuitMovementComponent.h">
      <Filter>Source\Engine\Component\Movement</Filter>
    </ClInclude>
    <ClInclude Include="Source\Engine\Component\Movement\RotatingMovementComponent.h">
      <Filter>Source\Engine\Component\Movement</Filter>
    </ClInclude>
    <ClInclude Include="Source\Engine\Component\PostProcess\Light\AmbientLightComponent.h">
      <Filter>Source\Engine\Component\PostProcess\Light</Filter>
    </ClInclude>
    <ClInclude Include="Source\Engine\Component\PostProcess\Light\DirectionalLightComponent.h">
      <Filter>Source\Engine\Component\PostProcess\Light</Filter>
    </ClInclude>
    <ClInclude Include="Source\Engine\Component\PostProcess\Light\LightComponent.h">
      <Filter>Source\Engine\Component\PostProcess\Light</Filter>
    </ClInclude>
    <ClInclude Include="Source\Engine\Component\PostProcess\Light\LightComponentBase.h">
      <Filter>Source\Engine\Component\PostProcess\Light</Filter>
    </ClInclude>
    <ClInclude Include="Source\Engine\Component\PostProcess\Light\PointLightComponent.h">
      <Filter>Source\Engine\Component\PostProcess\Light</Filter>
    </ClInclude>
    <ClInclude Include="Source\Engine\Component\PostProcess\Light\SpotlightComponent.h">
      <Filter>Source\Engine\Component\PostProcess\Light</Filter>
    </ClInclude>
    <ClInclude Include="Source\Engine\Core\CollisionTypes.h">
      <Filter>Source\Engine\Core</Filter>
    </ClInclude>
    <ClInclude Include="Source\Engine\Core\Common.h">
      <Filter>Source\Engine\Core</Filter>
    </ClInclude>
    <ClInclude Include="Source\Engine\Core\ConsoleHelper.h">
      <Filter>Source\Engine\Core</Filter>
    </ClInclude>
    <ClInclude Include="Source\Engine\Core\CoreMinimal.h">
      <Filter>Source\Engine\Core</Filter>
    </ClInclude>
    <ClInclude Include="Source\Engine\Core\CoreTypes.h">
      <Filter>Source\Engine\Core</Filter>
    </ClInclude>
    <ClInclude Include="Source\Engine\Core\AtlasResourceCache.h">
      <Filter>Source\Engine\Core</Filter>
    </ClInclude>
    <ClInclude Include="Source\Engine\Core\AssetPathPolicy.h">
      <Filter>Source\Engine\Core</Filter>
    </ClInclude>
    <ClInclude Include="Source\Engine\Core\CrashDump.h">
      <Filter>Source\Engine\Core</Filter>
    </ClInclude>
    <ClInclude Include="Source\Engine\Core\CurveResourceCache.h">
      <Filter>Source\Engine\Core</Filter>
    </ClInclude>
    <ClInclude Include="Source\Engine\Core\Debug.h">
      <Filter>Source\Engine\Core</Filter>
    </ClInclude>
    <ClInclude Include="Source\Engine\Core\EditorResourcePaths.h">
      <Filter>Source\Engine\Core</Filter>
    </ClInclude>
    <ClInclude Include="Source\Engine\Core\EngineTypes.h">
      <Filter>Source\Engine\Core</Filter>
    </ClInclude>
    <ClInclude Include="Source\Engine\Core\Guid.h">
      <Filter>Source\Engine\Core</Filter>
    </ClInclude>
    <ClInclude Include="Source\Engine\Core\FbxMaterialLoadService.h">
      <Filter>Source\Engine\Core</Filter>
    </ClInclude>
    <ClInclude Include="Source\Engine\Core\ImportedMaterialPolicy.h">
      <Filter>Source\Engine\Core</Filter>
    </ClInclude>
    <ClInclude Include="Source\Engine\Core\MaterialLoadService.h">
      <Filter>Source\Engine\Core</Filter>
    </ClInclude>
    <ClInclude Include="Source\Engine\Core\MaterialResourceCache.h">
      <Filter>Source\Engine\Core</Filter>
    </ClInclude>
    <ClInclude Include="Source\Engine\Core\MaterialSerializationService.h">
      <Filter>Source\Engine\Core</Filter>
    </ClInclude>
    <ClInclude Include="Source\Engine\Core\Paths.h">
      <Filter>Source\Engine\Core</Filter>
    </ClInclude>
    <ClInclude Include="Source\Engine\Core\PlatformTime.h">
      <Filter>Source\Engine\Core</Filter>
    </ClInclude>
    <ClInclude Include="Source\Engine\Core\PropertyTypes.h">
      <Filter>Source\Engine\Core</Filter>
    </ClInclude>
    <ClInclude Include="Source\Engine\Core\ResourceManager.h">
      <Filter>Source\Engine\Core</Filter>
    </ClInclude>
    <ClInclude Include="Source\Engine\Core\ResourceMemoryReporter.h">
      <Filter>Source\Engine\Core</Filter>
    </ClInclude>
    <ClInclude Include="Source\Engine\Core\RenderStateResourceCache.h">
      <Filter>Source\Engine\Core</Filter>
    </ClInclude>
    <ClInclude Include="Source\Engine\Core\ShaderResourceCache.h">
      <Filter>Source\Engine\Core</Filter>
    </ClInclude>
    <ClInclude Include="Source\Engine\Core\SkeletalMeshLoadService.h">
      <Filter>Source\Engine\Core</Filter>
    </ClInclude>
    <ClInclude Include="Source\Engine\Core\StaticMeshLoadService.h">
      <Filter>Source\Engine\Core</Filter>
    </ClInclude>
    <ClInclude Include="Source\Engine\Core\StaticMeshResourceCache.h">
      <Filter>Source\Engine\Core</Filter>
    </ClInclude>
    <ClInclude Include="Source\Engine\Core\TextureAssetMetaService.h">
      <Filter>Source\Engine\Core</Filter>
    </ClInclude>
    <ClInclude Include="Source\Engine\Core\TextureResourceCache.h">
      <Filter>Source\Engine\Core</Filter>
    </ClInclude>
    <ClInclude Include="Source\Engine\Core\ResourceTypes.h">
      <Filter>Source\Engine\Core</Filter>
    </ClInclude>
    <ClInclude Include="Source\Engine\Core\Random\EngineRandom.h">
      <Filter>Source\Engine\Core</Filter>
    </ClInclude>
    <ClInclude Include="Source\Engine\Core\Singleton.h">
      <Filter>Source\Engine\Core</Filter>
    </ClInclude>
    <ClInclude Include="Source\Engine\Core\StringUtils.h">
      <Filter>Source\Engine\Core</Filter>
    </ClInclude>
    <ClInclude Include="Source\Engine\Core\Containers\Array.h">
      <Filter>Source\Engine\Core\Containers</Filter>
    </ClInclude>
    <ClInclude Include="Source\Engine\Core\Containers\LinkedList.h">
      <Filter>Source\Engine\Core\Containers</Filter>
    </ClInclude>
    <ClInclude Include="Source\Engine\Core\Containers\Map.h">
      <Filter>Source\Engine\Core\Containers</Filter>
    </ClInclude>
    <ClInclude Include="Source\Engine\Core\Containers\Pair.h">
      <Filter>Source\Engine\Core\Containers</Filter>
    </ClInclude>
    <ClInclude Include="Source\Engine\Core\Containers\Queue.h">
      <Filter>Source\Engine\Core\Containers</Filter>
    </ClInclude>
    <ClInclude Include="Source\Engine\Core\Containers\Set.h">
      <Filter>Source\Engine\Core\Containers</Filter>
    </ClInclude>
    <ClInclude Include="Source\Engine\Core\Containers\StaticArray.h">
      <Filter>Source\Engine\Core\Containers</Filter>
    </ClInclude>
    <ClInclude Include="Source\Engine\Core\Containers\String.h">
      <Filter>Source\Engine\Core\Containers</Filter>
    </ClInclude>
    <ClInclude Include="Source\Engine\Core\Logging\GPUProfiler.h">
      <Filter>Source\Engine\Core\Logging</Filter>
    </ClInclude>
    <ClInclude Include="Source\Engine\Core\Logging\Log.h">
      <Filter>Source\Engine\Core\Logging</Filter>
    </ClInclude>
    <ClInclude Include="Source\Engine\Core\Logging\Stats.h">
      <Filter>Source\Engine\Core\Logging</Filter>
    </ClInclude>
    <ClInclude Include="Source\Engine\Core\Logging\Timer.h">
      <Filter>Source\Engine\Core\Logging</Filter>
    </ClInclude>
    <ClInclude Include="Source\Engine\GameFramework\AActor.h">
      <Filter>Source\Engine\GameFramework</Filter>
    </ClInclude>
    <ClInclude Include="Source\Engine\GameFramework\DefaultPawn.h">
      <Filter>Source\Engine\GameFramework</Filter>
    </ClInclude>
    <ClInclude Include="Source\Engine\GameFramework\GameModeBase.h">
      <Filter>Source\Engine\GameFramework</Filter>
    </ClInclude>
    <ClInclude Include="Source\Engine\GameFramework\Level.h">
      <Filter>Source\Engine\GameFramework</Filter>
    </ClInclude>
    <ClInclude Include="Source\Engine\GameFramework\Pawn.h">
      <Filter>Source\Engine\GameFramework</Filter>
    </ClInclude>
    <ClInclude Include="Source\Engine\GameFramework\PlayerController.h">
      <Filter>Source\Engine\GameFramework</Filter>
    </ClInclude>
    <ClInclude Include="Source\Engine\GameFramework\PrimitiveActors.h">
      <Filter>Source\Engine\GameFramework</Filter>
    </ClInclude>
    <ClInclude Include="Source\Engine\GameFramework\World.h">
      <Filter>Source\Engine\GameFramework</Filter>
    </ClInclude>
    <ClInclude Include="Source\Engine\GameFramework\WorldContext.h">
      <Filter>Source\Engine\GameFramework</Filter>
    </ClInclude>
    <ClInclude Include="Source\Engine\Geometry\AABB.h">
      <Filter>Source\Engine\Geometry</Filter>
    </ClInclude>
    <ClInclude Include="Source\Engine\Geometry\Edge.h">
      <Filter>Source\Engine\Geometry</Filter>
    </ClInclude>
    <ClInclude Include="Source\Engine\Geometry\Frustum.h">
      <Filter>Source\Engine\Geometry</Filter>
    </ClInclude>
    <ClInclude Include="Source\Engine\Geometry\OBB.h">
      <Filter>Source\Engine\Geometry</Filter>
    </ClInclude>
    <ClInclude Include="Source\Engine\Geometry\Plane.h">
      <Filter>Source\Engine\Geometry</Filter>
    </ClInclude>
    <ClInclude Include="Source\Engine\Geometry\Ray.h">
      <Filter>Source\Engine\Geometry</Filter>
    </ClInclude>
    <ClInclude Include="Source\Engine\Geometry\Transform.h">
      <Filter>Source\Engine\Geometry</Filter>
    </ClInclude>
    <ClInclude Include="Source\Engine\Geometry\Triangle.h">
      <Filter>Source\Engine\Geometry</Filter>
    </ClInclude>
    <ClInclude Include="Source\Engine\Input\CursorControl.h">
      <Filter>Source\Engine\Input</Filter>
    </ClInclude>
    <ClInclude Include="Source\Engine\Input\GameplayInputTypes.h">
      <Filter>Source\Engine\Input</Filter>
    </ClInclude>
    <ClInclude Include="Source\Engine\Input\InputBinding.h">
      <Filter>Source\Engine\Input</Filter>
    </ClInclude>
    <ClInclude Include="Source\Engine\Input\InputRouter.h">
      <Filter>Source\Engine\Input</Filter>
    </ClInclude>
    <ClInclude Include="Source\Engine\Input\InputSystem.h">
      <Filter>Source\Engine\Input</Filter>
    </ClInclude>
    <ClInclude Include="Source\Engine\Input\InputTypes.h">
      <Filter>Source\Engine\Input</Filter>
    </ClInclude>
    <ClInclude Include="Source\Engine\Input\InputWindowFocus.h">
      <Filter>Source\Engine\Input</Filter>
    </ClInclude>
    <ClInclude Include="Source\Editor\Input\BaseEditorController.h">
      <Filter>Source\Editor\Input</Filter>
    </ClInclude>
    <ClInclude Include="Source\Editor\Input\EditorInputRouter.h">
      <Filter>Source\Editor\Input</Filter>
    </ClInclude>
    <ClInclude Include="Source\Editor\Input\EditorWorldController.h">
      <Filter>Source\Editor\Input</Filter>
    </ClInclude>
    <ClInclude Include="Source\Engine\Math\Color.h">
      <Filter>Source\Engine\Math</Filter>
    </ClInclude>
    <ClInclude Include="Source\Engine\Math\Edge.h">
      <Filter>Source\Engine\Math</Filter>
    </ClInclude>
    <ClInclude Include="Source\Engine\Math\Matrix.h">
      <Filter>Source\Engine\Math</Filter>
    </ClInclude>
    <ClInclude Include="Source\Engine\Math\Quat.h">
      <Filter>Source\Engine\Math</Filter>
    </ClInclude>
    <ClInclude Include="Source\Engine\Math\Rotator.h">
      <Filter>Source\Engine\Math</Filter>
    </ClInclude>
    <ClInclude Include="Source\Engine\Math\Utils.h">
      <Filter>Source\Engine\Math</Filter>
    </ClInclude>
    <ClInclude Include="Source\Engine\Math\Vector.h">
      <Filter>Source\Engine\Math</Filter>
    </ClInclude>
    <ClInclude Include="Source\Engine\Math\Vector2.h">
      <Filter>Source\Engine\Math</Filter>
    </ClInclude>
    <ClInclude Include="Source\Engine\Math\Vector4.h">
      <Filter>Source\Engine\Math</Filter>
    </ClInclude>
    <ClInclude Include="Source\Engine\Object\ActorIterator.h">
      <Filter>Source\Engine\Object</Filter>
    </ClInclude>
    <ClInclude Include="Source\Engine\Object\EngineStatics.h">
      <Filter>Source\Engine\Object</Filter>
    </ClInclude>
    <ClInclude Include="Source\Engine\Object\FName.h">
      <Filter>Source\Engine\Object</Filter>
    </ClInclude>
    <ClInclude Include="Source\Engine\Object\Object.h">
      <Filter>Source\Engine\Object</Filter>
    </ClInclude>
    <ClInclude Include="Source\Engine\Object\ObjectFactory.h">
      <Filter>Source\Engine\Object</Filter>
    </ClInclude>
    <ClInclude Include="Source\Engine\Object\ObjectIterator.h">
      <Filter>Source\Engine\Object</Filter>
    </ClInclude>
    <ClInclude Include="Source\Engine\Render\FontBatcher.h">
      <Filter>Source\Engine\Render</Filter>
    </ClInclude>
    <ClInclude Include="Source\Engine\Render\LineBatcher.h">
      <Filter>Source\Engine\Render</Filter>
    </ClInclude>
    <ClInclude Include="Source\Engine\Render\SubUVBatcher.h">
      <Filter>Source\Engine\Render</Filter>
    </ClInclude>
    <ClInclude Include="Source\Engine\Render\Common\ComPtr.h">
      <Filter>Source\Engine\Render\Common</Filter>
    </ClInclude>
    <ClInclude Include="Source\Engine\Render\Common\RenderTypes.h">
      <Filter>Source\Engine\Render\Common</Filter>
    </ClInclude>
    <ClInclude Include="Source\Engine\Render\Common\ShadowTypes.h">
      <Filter>Source\Engine\Render\Common</Filter>
    </ClInclude>
    <ClInclude Include="Source\Engine\Render\Common\ViewTypes.h">
      <Filter>Source\Engine\Render\Common</Filter>
    </ClInclude>
    <ClInclude Include="Source\Engine\Render\Device\D3DDevice.h">
      <Filter>Source\Engine\Render\Device</Filter>
    </ClInclude>
    <ClInclude Include="Source\Engine\Render\Mesh\MeshManager.h">
      <Filter>Source\Engine\Render\Mesh</Filter>
    </ClInclude>
    <ClInclude Include="Source\Engine\Render\Renderer\DefaultRenderPipeline.h">
      <Filter>Source\Engine\Render\Renderer</Filter>
    </ClInclude>
    <ClInclude Include="Source\Engine\Render\Renderer\IRenderPipeline.h">
      <Filter>Source\Engine\Render\Renderer</Filter>
    </ClInclude>
    <ClInclude Include="Source\Engine\Render\Renderer\Renderer.h">
      <Filter>Source\Engine\Render\Renderer</Filter>
    </ClInclude>
    <ClInclude Include="Source\Engine\Render\Renderer\RenderFlow\DecalRenderPass.h">
      <Filter>Source\Engine\Render\Renderer\RenderFlow</Filter>
    </ClInclude>
    <ClInclude Include="Source\Engine\Render\Renderer\RenderFlow\DepthLessRenderPass.h">
      <Filter>Source\Engine\Render\Renderer\RenderFlow</Filter>
    </ClInclude>
    <ClInclude Include="Source\Engine\Render\Renderer\RenderFlow\DepthPrePass.h">
      <Filter>Source\Engine\Render\Renderer\RenderFlow</Filter>
    </ClInclude>
    <ClInclude Include="Source\Engine\Render\Renderer\RenderFlow\EditorRenderPass.h">
      <Filter>Source\Engine\Render\Renderer\RenderFlow</Filter>
    </ClInclude>
    <ClInclude Include="Source\Engine\Render\Renderer\RenderFlow\EditorOverlayRenderPass.h">
      <Filter>Source\Engine\Render\Renderer\RenderFlow</Filter>
    </ClInclude>
    <ClInclude Include="Source\Engine\Render\Renderer\RenderFlow\FXAARenderPass.h">
      <Filter>Source\Engine\Render\Renderer\RenderFlow</Filter>
    </ClInclude>
    <ClInclude Include="Source\Engine\Render\Renderer\RenderFlow\FogRenderPass.h">
      <Filter>Source\Engine\Render\Renderer\RenderFlow</Filter>
    </ClInclude>
    <ClInclude Include="Source\Engine\Render\Renderer\RenderFlow\FontRenderPass.h">
      <Filter>Source\Engine\Render\Renderer\RenderFlow</Filter>
    </ClInclude>
    <ClInclude Include="Source\Engine\Render\Renderer\RenderFlow\GridRenderPass.h">
      <Filter>Source\Engine\Render\Renderer\RenderFlow</Filter>
    </ClInclude>
    <ClInclude Include="Source\Engine\Render\Renderer\RenderFlow\LightCullingPass.h">
      <Filter>Source\Engine\Render\Renderer\RenderFlow</Filter>
    </ClInclude>
    <ClInclude Include="Source\Engine\Render\Renderer\RenderFlow\LightRenderPass.h">
      <Filter>Source\Engine\Render\Renderer\RenderFlow</Filter>
    </ClInclude>
    <ClInclude Include="Source\Engine\Render\Renderer\RenderFlow\OpaqueRenderPass.h">
      <Filter>Source\Engine\Render\Renderer\RenderFlow</Filter>
    </ClInclude>
    <ClInclude Include="Source\Engine\Render\Renderer\RenderFlow\PostProcessOutlineRenderPass.h">
      <Filter>Source\Engine\Render\Renderer\RenderFlow</Filter>
    </ClInclude>
    <ClInclude Include="Source\Engine\Render\Renderer\RenderFlow\RenderPass.h">
      <Filter>Source\Engine\Render\Renderer\RenderFlow</Filter>
    </ClInclude>
    <ClInclude Include="Source\Engine\Render\Renderer\RenderFlow\RenderPassContext.h">
      <Filter>Source\Engine\Render\Renderer\RenderFlow</Filter>
    </ClInclude>
    <ClInclude Include="Source\Engine\Render\Renderer\RenderFlow\RenderPipeline.h">
      <Filter>Source\Engine\Render\Renderer\RenderFlow</Filter>
    </ClInclude>
    <ClInclude Include="Source\Engine\Render\Renderer\RenderFlow\SelectionMaskRenderPass.h">
      <Filter>Source\Engine\Render\Renderer\RenderFlow</Filter>
    </ClInclude>
    <ClInclude Include="Source\Engine\Render\Renderer\RenderFlow\ShadowPass.h">
      <Filter>Source\Engine\Render\Renderer\RenderFlow</Filter>
    </ClInclude>
    <ClInclude Include="Source\Engine\Render\Renderer\RenderFlow\SubUVRenderPass.h">
      <Filter>Source\Engine\Render\Renderer\RenderFlow</Filter>
    </ClInclude>
    <ClInclude Include="Source\Engine\Render\Renderer\RenderFlow\TranslucentRenderPass.h">
      <Filter>Source\Engine\Render\Renderer\RenderFlow</Filter>
    </ClInclude>
    <ClInclude Include="Source\Engine\Render\Renderer\RenderFlow\VSMConversionRenderPass.h">
      <Filter>Source\Engine\Render\Renderer\RenderFlow</Filter>
    </ClInclude>
    <ClInclude Include="Source\Engine\Render\Renderer\RenderTarget\DepthStencilBuilder.h">
      <Filter>Source\Engine\Render\Renderer\RenderTarget</Filter>
    </ClInclude>
    <ClInclude Include="Source\Engine\Render\Renderer\RenderTarget\DepthStencilFactory.h">
      <Filter>Source\Engine\Render\Renderer\RenderTarget</Filter>
    </ClInclude>
    <ClInclude Include="Source\Engine\Render\Renderer\RenderTarget\DepthStencilResource.h">
      <Filter>Source\Engine\Render\Renderer\RenderTarget</Filter>
    </ClInclude>
    <ClInclude Include="Source\Engine\Render\Renderer\RenderTarget\RenderTarget.h">
      <Filter>Source\Engine\Render\Renderer\RenderTarget</Filter>
    </ClInclude>
    <ClInclude Include="Source\Engine\Render\Renderer\RenderTarget\RenderTargetBuilder.h">
      <Filter>Source\Engine\Render\Renderer\RenderTarget</Filter>
    </ClInclude>
    <ClInclude Include="Source\Engine\Render\Renderer\RenderTarget\RenderTargetFactory.h">
      <Filter>Source\Engine\Render\Renderer\RenderTarget</Filter>
    </ClInclude>
    <ClInclude Include="Source\Engine\Render\Resource\Buffer.h">
      <Filter>Source\Engine\Render\Resource</Filter>
    </ClInclude>
    <ClInclude Include="Source\Engine\Render\Resource\ComputeShader.h">
      <Filter>Source\Engine\Render\Resource</Filter>
    </ClInclude>
    <ClInclude Include="Source\Engine\Render\Resource\Material.h">
      <Filter>Source\Engine\Render\Resource</Filter>
    </ClInclude>
    <ClInclude Include="Source\Engine\Render\Resource\FbxMaterialLoader.h">
      <Filter>Source\Engine\Render\Resource</Filter>
    </ClInclude>
    <ClInclude Include="Source\Engine\Render\Resource\MeshBufferManager.h">
      <Filter>Source\Engine\Render\Resource</Filter>
    </ClInclude>
    <ClInclude Include="Source\Engine\Render\Resource\ObjMtlLoader.h">
      <Filter>Source\Engine\Render\Resource</Filter>
    </ClInclude>
    <ClInclude Include="Source\Engine\Render\Resource\RenderResources.h">
      <Filter>Source\Engine\Render\Resource</Filter>
    </ClInclude>
    <ClInclude Include="Source\Engine\Render\Resource\ShaderCompiler.h">
      <Filter>Source\Engine\Render\Resource</Filter>
    </ClInclude>
    <ClInclude Include="Source\Engine\Render\Resource\ShaderHelper.h">
      <Filter>Source\Engine\Render\Resource</Filter>
    </ClInclude>
    <ClInclude Include="Source\Engine\Render\Resource\MaterialShaderTypes.h">
      <Filter>Source\Engine\Render\Resource</Filter>
    </ClInclude>
    <ClInclude Include="Source\Engine\Render\Resource\ShaderPaths.h">
      <Filter>Source\Engine\Render\Resource</Filter>
    </ClInclude>
    <ClInclude Include="Source\Engine\Render\Resource\ShaderTypes.h">
      <Filter>Source\Engine\Render\Resource</Filter>
    </ClInclude>
    <ClInclude Include="Source\Engine\Render\Resource\ShadowAtlasManager.h">
      <Filter>Source\Engine\Render\Resource</Filter>
    </ClInclude>
    <ClInclude Include="Source\Engine\Render\Resource\Texture.h">
      <Filter>Source\Engine\Render\Resource</Filter>
    </ClInclude>
    <ClInclude Include="Source\Engine\Render\Resource\VertexFactoryTypes.h">
      <Filter>Source\Engine\Render\Resource</Filter>
    </ClInclude>
    <ClInclude Include="Source\Engine\Render\Resource\VertexTypes.h">
      <Filter>Source\Engine\Render\Resource</Filter>
    </ClInclude>
    <ClInclude Include="Source\Engine\Render\Scene\RenderBus.h">
      <Filter>Source\Engine\Render\Scene</Filter>
    </ClInclude>
    <ClInclude Include="Source\Engine\Render\Scene\DecalCommandBuilder.h">
      <Filter>Source\Engine\Render\Scene</Filter>
    </ClInclude>
    <ClInclude Include="Source\Engine\Render\Scene\EditorOverlayCollector.h">
      <Filter>Source\Engine\Render\Scene</Filter>
    </ClInclude>
    <ClInclude Include="Source\Engine\Render\Scene\LightRenderCollector.h">
      <Filter>Source\Engine\Render\Scene</Filter>
    </ClInclude>
    <ClInclude Include="Source\Engine\Render\Scene\PrimitiveDrawCommandBuilder.h">
      <Filter>Source\Engine\Render\Scene</Filter>
    </ClInclude>
    <ClInclude Include="Source\Engine\Render\Scene\RenderCollector.h">
      <Filter>Source\Engine\Render\Scene</Filter>
    </ClInclude>
    <ClInclude Include="Source\Engine\Render\Scene\RenderCommand.h">
      <Filter>Source\Engine\Render\Scene</Filter>
    </ClInclude>
    <ClInclude Include="Source\Engine\Runtime\Engine.h">
      <Filter>Source\Engine\Runtime</Filter>
    </ClInclude>
    <ClInclude Include="Source\Engine\Runtime\EngineLoop.h">
      <Filter>Source\Engine\Runtime</Filter>
    </ClInclude>
    <ClInclude Include="Source\Engine\Runtime\GameEngine.h">
      <Filter>Source\Engine\Runtime</Filter>
    </ClInclude>
    <ClInclude Include="Source\Engine\Runtime\Launch.h">
      <Filter>Source\Engine\Runtime</Filter>
    </ClInclude>
    <ClInclude Include="Source\Launch\LaunchModeFactory.h">
      <Filter>Source\Launch</Filter>
    </ClInclude>
    <ClInclude Include="Source\Engine\Runtime\SceneView.h">
      <Filter>Source\Engine\Runtime</Filter>
    </ClInclude>
    <ClInclude Include="Source\Engine\Runtime\Viewport.h">
      <Filter>Source\Engine\Runtime</Filter>
    </ClInclude>
    <ClInclude Include="Source\Engine\Runtime\ViewportClient.h">
      <Filter>Source\Engine\Runtime</Filter>
    </ClInclude>
    <ClInclude Include="Source\Engine\Runtime\ViewportRect.h">
      <Filter>Source\Engine\Runtime</Filter>
    </ClInclude>
    <ClInclude Include="Source\Engine\Runtime\WindowMessageHandler.h">
      <Filter>Source\Engine\Runtime</Filter>
    </ClInclude>
    <ClInclude Include="Source\Engine\Runtime\WindowsApplication.h">
      <Filter>Source\Engine\Runtime</Filter>
    </ClInclude>
    <ClInclude Include="Source\Engine\Runtime\WindowsFileWatcher.h">
      <Filter>Source\Engine\Runtime</Filter>
    </ClInclude>
    <ClInclude Include="Source\Engine\Runtime\WindowsPlatformTime.h">
      <Filter>Source\Engine\Runtime</Filter>
    </ClInclude>
    <ClInclude Include="Source\Engine\Runtime\WindowsWindow.h">
      <Filter>Source\Engine\Runtime</Filter>
    </ClInclude>
    <ClInclude Include="Source\Engine\Runtime\Stats\ScopeCycleCounter.h">
      <Filter>Source\Engine\Runtime\Stats</Filter>
    </ClInclude>
    <ClInclude Include="Source\Engine\UI\RuntimeUITypes.h">
      <Filter>Source\Engine\UI</Filter>
    </ClInclude>
    <ClInclude Include="Source\Engine\UI\RmlUi\RmlUiSystem.h">
      <Filter>Source\Engine\UI\RmlUi</Filter>
    </ClInclude>
    <ClInclude Include="Source\Engine\Serialization\ActorSerialization.h">
      <Filter>Source\Engine\Serialization</Filter>
    </ClInclude>
    <ClInclude Include="Source\Engine\Serialization\Archive.h">
      <Filter>Source\Engine\Serialization</Filter>
    </ClInclude>
    <ClInclude Include="Source\Engine\Serialization\JsonReader.h">
      <Filter>Source\Engine\Serialization</Filter>
    </ClInclude>
    <ClInclude Include="Source\Engine\Serialization\JsonWriter.h">
      <Filter>Source\Engine\Serialization</Filter>
    </ClInclude>
    <ClInclude Include="Source\Engine\Serialization\MemoryWriter.h">
      <Filter>Source\Engine\Serialization</Filter>
    </ClInclude>
    <ClInclude Include="Source\Engine\Serialization\PrefabManager.h">
      <Filter>Source\Engine\Serialization</Filter>
    </ClInclude>
    <ClInclude Include="Source\Engine\Serialization\SceneSaveManager.h">
      <Filter>Source\Engine\Serialization</Filter>
    </ClInclude>
    <ClInclude Include="Source\Engine\Slate\ISlateViewport.h">
      <Filter>Source\Engine\Slate</Filter>
    </ClInclude>
    <ClInclude Include="Source\Engine\Slate\SSplitter.h">
      <Filter>Source\Engine\Slate</Filter>
    </ClInclude>
    <ClInclude Include="Source\Engine\Slate\SSplitterCross.h">
      <Filter>Source\Engine\Slate</Filter>
    </ClInclude>
    <ClInclude Include="Source\Engine\Slate\SSplitterH.h">
      <Filter>Source\Engine\Slate</Filter>
    </ClInclude>
    <ClInclude Include="Source\Engine\Slate\SSplitterV.h">
      <Filter>Source\Engine\Slate</Filter>
    </ClInclude>
    <ClInclude Include="Source\Engine\Slate\SViewport.h">
      <Filter>Source\Engine\Slate</Filter>
    </ClInclude>
    <ClInclude Include="Source\Engine\Slate\SWidget.h">
      <Filter>Source\Engine\Slate</Filter>
    </ClInclude>
    <ClInclude Include="Source\Engine\Slate\SWindow.h">
      <Filter>Source\Engine\Slate</Filter>
    </ClInclude>
    <ClInclude Include="Source\Engine\Slate\SlateApplication.h">
      <Filter>Source\Engine\Slate</Filter>
    </ClInclude>
    <ClInclude Include="Source\Engine\Slate\SlateUtils.h">
      <Filter>Source\Engine\Slate</Filter>
    </ClInclude>
    <ClInclude Include="Source\Engine\Spatial\BVH.h">
      <Filter>Source\Engine\Spatial</Filter>
    </ClInclude>
    <ClInclude Include="Source\Engine\Spatial\KDTree.h">
      <Filter>Source\Engine\Spatial</Filter>
    </ClInclude>
    <ClInclude Include="Source\Engine\Spatial\WorldSpatialIndex.h">
      <Filter>Source\Engine\Spatial</Filter>
    </ClInclude>
    <ClInclude Include="Source\Misc\ObjViewer\ObjViewerEngine.h">
      <Filter>Source\Misc\ObjViewer</Filter>
    </ClInclude>
    <ClInclude Include="Source\Misc\ObjViewer\ObjViewerRenderPipeline.h">
      <Filter>Source\Misc\ObjViewer</Filter>
    </ClInclude>
    <ClInclude Include="Source\Misc\ObjViewer\Settings\ObjViewerSettings.h">
      <Filter>Source\Misc\ObjViewer\Settings</Filter>
    </ClInclude>
    <ClInclude Include="Source\Misc\ObjViewer\UI\ObjViewerControlWidget.h">
      <Filter>Source\Misc\ObjViewer\UI</Filter>
    </ClInclude>
    <ClInclude Include="Source\Misc\ObjViewer\UI\ObjViewerMainPanel.h">
      <Filter>Source\Misc\ObjViewer\UI</Filter>
    </ClInclude>
    <ClInclude Include="Source\Misc\ObjViewer\UI\ObjViewerMenuBarWIdget.h">
      <Filter>Source\Misc\ObjViewer\UI</Filter>
    </ClInclude>
    <ClInclude Include="Source\Misc\ObjViewer\UI\ObjViewerStatWidget.h">
      <Filter>Source\Misc\ObjViewer\UI</Filter>
    </ClInclude>
    <ClInclude Include="Source\Misc\ObjViewer\UI\ObjViewerWidget.h">
      <Filter>Source\Misc\ObjViewer\UI</Filter>
    </ClInclude>
    <ClInclude Include="Source\Misc\ObjViewer\Viewport\ObjViewerViewportClient.h">
      <Filter>Source\Misc\ObjViewer\Viewport</Filter>
    </ClInclude>
    <ClInclude Include="ThirdParty\ImGui\imconfig.h">
      <Filter>ThirdParty\ImGui</Filter>
    </ClInclude>
    <ClInclude Include="ThirdParty\ImGui\imgui.h">
      <Filter>ThirdParty\ImGui</Filter>
    </ClInclude>
    <ClInclude Include="ThirdParty\ImGui\imgui_impl_dx11.h">
      <Filter>ThirdParty\ImGui</Filter>
    </ClInclude>
    <ClInclude Include="ThirdParty\ImGui\imgui_impl_win32.h">
      <Filter>ThirdParty\ImGui</Filter>
    </ClInclude>
    <ClInclude Include="ThirdParty\ImGui\imgui_internal.h">
      <Filter>ThirdParty\ImGui</Filter>
    </ClInclude>
    <ClInclude Include="ThirdParty\ImGui\imstb_rectpack.h">
      <Filter>ThirdParty\ImGui</Filter>
    </ClInclude>
    <ClInclude Include="ThirdParty\ImGui\imstb_textedit.h">
      <Filter>ThirdParty\ImGui</Filter>
    </ClInclude>
    <ClInclude Include="ThirdParty\ImGui\imstb_truetype.h">
      <Filter>ThirdParty\ImGui</Filter>
    </ClInclude>
    <ClInclude Include="ThirdParty\SimpleJSON\json.hpp">
      <Filter>ThirdParty\SimpleJSON</Filter>
    </ClInclude>
    <ClInclude Include="Source\Engine\Render\Resource\ShaderCompiler.h" />
    <ClInclude Include="Source\Engine\Render\Resource\ShaderHelper.h" />
    <ClInclude Include="Source\Engine\Runtime\WindowsFileWatcher.h" />
    <ClInclude Include="Source\Engine\Render\Renderer\RenderFlow\ShadowPass.h" />
    <ClInclude Include="Source\Engine\Render\Resource\ShadowAtlasManager.h" />
    <ClInclude Include="Source\Engine\Render\Common\ShadowTypes.h" />
    <ClInclude Include="Source\Engine\Render\Renderer\RenderFlow\VSMConversionRenderPass.h" />
    <ClInclude Include="Source\Engine\Core\Delegates\Delegate.h" />
    <ClInclude Include="Source\Engine\Runtime\Script\ScriptComponent.h" />
    <ClInclude Include="Source\Engine\Runtime\Script\Coroutine.h" />
    <ClInclude Include="Source\Engine\Runtime\Script\CoroutineScheduler.h" />
    <ClInclude Include="Source\Engine\Runtime\Script\API\LuaEngineAPIBindings.h" />
    <ClInclude Include="Source\Engine\Runtime\Script\ScriptManager.h" />
    <ClInclude Include="Source\Engine\Runtime\GameSplashScreen.h" />
    <ClInclude Include="Source\Engine\Collision\Collision.h" />
    <ClInclude Include="Source\Engine\Component\ShapeComponent.h" />
    <ClInclude Include="Source\Engine\Component\BoxComponent.h" />
    <ClInclude Include="Source\Engine\Component\CapsuleComponent.h" />
    <ClInclude Include="Source\Engine\Component\SphereComponent.h" />
    <ClInclude Include="Source\Engine\Runtime\Script\ScriptUtils.h" />
    <ClInclude Include="Source\Engine\Component\ProceduralMeshComponent.h" />
    <ClInclude Include="Source\Engine\Camera\CameraModifier.h" />
    <ClInclude Include="Source\Engine\Camera\PlayerCameraManager.h" />
    <ClInclude Include="Source\Engine\Render\Renderer\RenderFlow\SandervistanRenderPass.h" />
    <ClInclude Include="Source\Engine\UI\RmlUi\RmlUiRenderInterfaceD3D11.h" />
    <ClInclude Include="Source\Engine\UI\RmlUi\RmlUiRuntimeModule.h" />
    <ClInclude Include="ThirdParty\luajit\src\lua.h" />
    <ClInclude Include="Source\Engine\Camera\CameraModifier_CameraShake.h" />
    <ClInclude Include="Source\Engine\Camera\CameraShakeBase.h" />
    <ClInclude Include="Source\Engine\Camera\ShakePattern\SinusoidalCameraShakePattern.h" />
    <ClInclude Include="Source\Engine\Camera\ShakePattern\SequenceCameraShakePattern.h" />
    <ClInclude Include="Source\Engine\Render\Renderer\RenderFlow\PostProcessRenderPass.h" />
    <ClInclude Include="Source\Editor\Input\GameInputBridge.h" />
    <ClInclude Include="Source\Editor\UI\EditorViewerWindowWidget.h" />
    <ClInclude Include="Source\Engine\Asset\SkeletalMesh.h" />
    <ClInclude Include="Source\Engine\Asset\SkeletalMeshTypes.h" />
    <ClInclude Include="Source\Engine\Component\SkeletalMeshComponent.h" />
    <ClInclude Include="Source\Engine\Component\SkinnedMeshComponent.h" />
    <ClInclude Include="Source\Editor\Viewer\EditorViewer.h" />
    <ClInclude Include="Source\Editor\Viewport\SkeletalMeshViewportClient.h" />
  </ItemGroup>
  <ItemGroup>
    <ResourceCompile Include="Source\Engine\Runtime\AppIcon.rc" />
    <ResourceCompile Include="Source\Engine\Runtime\GameBranding.rc" />
  </ItemGroup>
  <ItemGroup>
    <None Include="Shaders\PostProcess\PostProcess.hlsl">
      <Filter>Shaders\PostProcess</Filter>
    </None>
    <None Include="Shaders\UI\ScreenOverlay.hlsl">
      <Filter>Shaders\UI</Filter>
    </None>
  </ItemGroup>
  <ItemGroup>
    <ClCompile Include="Source\Engine\UI\RmlUi\RmlUiSystem.cpp">
      <Filter>Source\Engine\UI\RmlUi</Filter>
    </ClCompile>
  </ItemGroup>
</Project>
