
Microsoft Visual Studio Solution File, Format Version 12.00
# Visual Studio Version 17
VisualStudioVersion = 17.14.37012.4
MinimumVisualStudioVersion = 10.0.40219.1
Project("{8BC9CEB8-8B4A-11D0-8D11-00A0C91BC942}") = "JSEngine", "JSEngine\JSEngine.vcxproj", "{55068E81-C0A0-49F9-AB7B-54AEA968722B}"
EndProject
Global
	GlobalSection(SolutionConfigurationPlatforms) = preSolution
		Debug|x64 = Debug|x64
		Debug|x86 = Debug|x86
		GameClientDebug|x64 = GameClientDebug|x64
		GameClientDebug|x86 = GameClientDebug|x86
		GameClientRelease|x64 = GameClientRelease|x64
		GameClientRelease|x86 = GameClientRelease|x86
		ObjViewer|x64 = ObjViewer|x64
		ObjViewer|x86 = ObjViewer|x86
		Release|x64 = Release|x64
		Release|x86 = Release|x86
	EndGlobalSection
	GlobalSection(ProjectConfigurationPlatforms) = postSolution
		{55068E81-C0A0-49F9-AB7B-54AEA968722B}.Debug|x64.ActiveCfg = Debug|x64
		{55068E81-C0A0-49F9-AB7B-54AEA968722B}.Debug|x64.Build.0 = Debug|x64
		{55068E81-C0A0-49F9-AB7B-54AEA968722B}.Debug|x86.ActiveCfg = Debug|Win32
		{55068E81-C0A0-49F9-AB7B-54AEA968722B}.Debug|x86.Build.0 = Debug|Win32
		{55068E81-C0A0-49F9-AB7B-54AEA968722B}.GameClientDebug|x64.ActiveCfg = GameClientDebug|x64
		{55068E81-C0A0-49F9-AB7B-54AEA968722B}.GameClientDebug|x64.Build.0 = GameClientDebug|x64
		{55068E81-C0A0-49F9-AB7B-54AEA968722B}.GameClientDebug|x86.ActiveCfg = GameClientDebug|x64
		{55068E81-C0A0-49F9-AB7B-54AEA968722B}.GameClientDebug|x86.Build.0 = GameClientDebug|x64
		{55068E81-C0A0-49F9-AB7B-54AEA968722B}.GameClientRelease|x64.ActiveCfg = GameClientRelease|x64
		{55068E81-C0A0-49F9-AB7B-54AEA968722B}.GameClientRelease|x64.Build.0 = GameClientRelease|x64
		{55068E81-C0A0-49F9-AB7B-54AEA968722B}.GameClientRelease|x86.ActiveCfg = GameClientRelease|x64
		{55068E81-C0A0-49F9-AB7B-54AEA968722B}.GameClientRelease|x86.Build.0 = GameClientRelease|x64
		{55068E81-C0A0-49F9-AB7B-54AEA968722B}.ObjViewer|x64.ActiveCfg = ObjViewer|x64
		{55068E81-C0A0-49F9-AB7B-54AEA968722B}.ObjViewer|x64.Build.0 = ObjViewer|x64
		{55068E81-C0A0-49F9-AB7B-54AEA968722B}.ObjViewer|x86.ActiveCfg = ObjViewer|x64
		{55068E81-C0A0-49F9-AB7B-54AEA968722B}.ObjViewer|x86.Build.0 = ObjViewer|x64
		{55068E81-C0A0-49F9-AB7B-54AEA968722B}.Release|x64.ActiveCfg = Release|x64
		{55068E81-C0A0-49F9-AB7B-54AEA968722B}.Release|x64.Build.0 = Release|x64
		{55068E81-C0A0-49F9-AB7B-54AEA968722B}.Release|x86.ActiveCfg = Release|Win32
		{55068E81-C0A0-49F9-AB7B-54AEA968722B}.Release|x86.Build.0 = Release|Win32
	EndGlobalSection
	GlobalSection(SolutionProperties) = preSolution
		HideSolutionNode = FALSE
	EndGlobalSection
	GlobalSection(ExtensibilityGlobals) = postSolution
		SolutionGuid = {4EBC5DD2-CECA-4722-9D19-87C7CB5F481B}
	EndGlobalSection
EndGlobal
